// !$*UTF8*$!
{
	archiveVersion = 1;
	classes = {
	};
	objectVersion = 46;
	objects = {

/* Begin PBXBuildFile section */
		44D7705D1D48BDA300D5EB72 /* Assets.xcassets in Resources */ = {isa = PBXBuildFile; fileRef = 44D7704B1D48BDA300D5EB72 /* Assets.xcassets */; };
		5AFDA431450FC0613F15CA65 /* Pods_KitsuneTests.framework in Frameworks */ = {isa = PBXBuildFile; fileRef = FD5A12CFA50BA70F92918F3A /* Pods_KitsuneTests.framework */; };
		8B1F5B1E20D20D5000406E03 /* AnimeCellViewModelTests.swift in Sources */ = {isa = PBXBuildFile; fileRef = 8B1F5B1D20D20D5000406E03 /* AnimeCellViewModelTests.swift */; };
		8B1F5B2020D2117400406E03 /* AnimeViewModelTests.swift in Sources */ = {isa = PBXBuildFile; fileRef = 8B1F5B1F20D2117400406E03 /* AnimeViewModelTests.swift */; };
		8B3506862092D09700586986 /* R.generated.swift in Sources */ = {isa = PBXBuildFile; fileRef = 8B3506852092D09700586986 /* R.generated.swift */; };
		8B35068A2092D21200586986 /* NetworkErrors.strings in Resources */ = {isa = PBXBuildFile; fileRef = 8B3506892092D21100586986 /* NetworkErrors.strings */; };
		8B60AAAB208DBF1D00E6986C /* Common.strings in Resources */ = {isa = PBXBuildFile; fileRef = 8B60AAAA208DBF1D00E6986C /* Common.strings */; };
		8B61C7972091E026005FD0F7 /* ReuseIdentifiable.swift in Sources */ = {isa = PBXBuildFile; fileRef = 8B61C7962091E026005FD0F7 /* ReuseIdentifiable.swift */; };
		8B72985820C66A1700529723 /* ViewModelNetworkRequesting.swift in Sources */ = {isa = PBXBuildFile; fileRef = 8B72985720C66A1700529723 /* ViewModelNetworkRequesting.swift */; };
		8B8758FB208D888D00D1BBF5 /* NavigationFlowCoordinator.swift in Sources */ = {isa = PBXBuildFile; fileRef = 8B8758F8208D888D00D1BBF5 /* NavigationFlowCoordinator.swift */; };
		8B8758FC208D888D00D1BBF5 /* NavigationController.swift in Sources */ = {isa = PBXBuildFile; fileRef = 8B8758F9208D888D00D1BBF5 /* NavigationController.swift */; };
		8B8758FD208D888D00D1BBF5 /* BaseViewController.swift in Sources */ = {isa = PBXBuildFile; fileRef = 8B8758FA208D888D00D1BBF5 /* BaseViewController.swift */; };
		8BC4AE082043A9DB0093E231 /* LaunchScreen.storyboard in Resources */ = {isa = PBXBuildFile; fileRef = 8BC4AE052043A9DB0093E231 /* LaunchScreen.storyboard */; };
		8BC4AE092043A9DB0093E231 /* AppDelegate.swift in Sources */ = {isa = PBXBuildFile; fileRef = 8BC4AE062043A9DB0093E231 /* AppDelegate.swift */; };
		8BD264882043C05E00095E68 /* Logger.swift in Sources */ = {isa = PBXBuildFile; fileRef = 8BD264872043C05E00095E68 /* Logger.swift */; };
		8BD2648D2043C2FB00095E68 /* BaseCoordinator.swift in Sources */ = {isa = PBXBuildFile; fileRef = 8BD2648C2043C2FB00095E68 /* BaseCoordinator.swift */; };
		8BD264912043C3A700095E68 /* Constants.swift in Sources */ = {isa = PBXBuildFile; fileRef = 8BD264902043C3A700095E68 /* Constants.swift */; };
		8BD264AA2043C5A700095E68 /* UIViewController+ErrorHandling.swift in Sources */ = {isa = PBXBuildFile; fileRef = 8BD2649E2043C5A500095E68 /* UIViewController+ErrorHandling.swift */; };
		8BD264AF2043C5A700095E68 /* UIColor+AppColors.swift in Sources */ = {isa = PBXBuildFile; fileRef = 8BD264A32043C5A500095E68 /* UIColor+AppColors.swift */; };
		8BD264B22043C5A700095E68 /* UIViewController+Alerts.swift in Sources */ = {isa = PBXBuildFile; fileRef = 8BD264A62043C5A600095E68 /* UIViewController+Alerts.swift */; };
		8BD264F220441A6800095E68 /* RealmFactory.swift in Sources */ = {isa = PBXBuildFile; fileRef = 8BD264F120441A6700095E68 /* RealmFactory.swift */; };
		9FE328D91EA79854EBB25B04 /* Pods_Kitsune.framework in Frameworks */ = {isa = PBXBuildFile; fileRef = 0A11604A1A6A87A098CE78D0 /* Pods_Kitsune.framework */; };
		FD16AA0620C826EF00FE2E17 /* AnimeUnmarshalingTests.swift in Sources */ = {isa = PBXBuildFile; fileRef = FD16A9EF20C826EE00FE2E17 /* AnimeUnmarshalingTests.swift */; };
		FD16AA0920C826EF00FE2E17 /* UserUnmarshalingTests.swift in Sources */ = {isa = PBXBuildFile; fileRef = FD16A9F220C826EE00FE2E17 /* UserUnmarshalingTests.swift */; };
		FD16AA0A20C826EF00FE2E17 /* TestDataGeneration.swift in Sources */ = {isa = PBXBuildFile; fileRef = FD16A9F420C826EE00FE2E17 /* TestDataGeneration.swift */; };
		FD16AA0E20C826EF00FE2E17 /* RealmUserTests.swift in Sources */ = {isa = PBXBuildFile; fileRef = FD16A9F920C826EE00FE2E17 /* RealmUserTests.swift */; };
		FD16AA1220C826EF00FE2E17 /* RealmAnimeTests.swift in Sources */ = {isa = PBXBuildFile; fileRef = FD16A9FD20C826EE00FE2E17 /* RealmAnimeTests.swift */; };
		FD31909C20D6A58F00017179 /* AnimeListEmptyView.swift in Sources */ = {isa = PBXBuildFile; fileRef = FD31909B20D6A58F00017179 /* AnimeListEmptyView.swift */; };
		FD31909E20D6AAB900017179 /* String+RegularExpression.swift in Sources */ = {isa = PBXBuildFile; fileRef = FD31909D20D6AAB900017179 /* String+RegularExpression.swift */; };
		FD3190A220D6B54800017179 /* AnimeDetailsCoordinator.swift in Sources */ = {isa = PBXBuildFile; fileRef = FD3190A120D6B54800017179 /* AnimeDetailsCoordinator.swift */; };
		FD3190A420D6B6A000017179 /* AnimeDetailsViewController.swift in Sources */ = {isa = PBXBuildFile; fileRef = FD3190A320D6B6A000017179 /* AnimeDetailsViewController.swift */; };
		FD3190A620D6B7CF00017179 /* AnimeDetailsViewModel.swift in Sources */ = {isa = PBXBuildFile; fileRef = FD3190A520D6B7CF00017179 /* AnimeDetailsViewModel.swift */; };
		FD3190A820D6B89D00017179 /* AnimeDetails.strings in Resources */ = {isa = PBXBuildFile; fileRef = FD3190A720D6B89D00017179 /* AnimeDetails.strings */; };
		FD3190AA20D6B92E00017179 /* NsvigationBarHiding.swift in Sources */ = {isa = PBXBuildFile; fileRef = FD3190A920D6B92E00017179 /* NsvigationBarHiding.swift */; };
		FD3190AC20D6BD5E00017179 /* UIViewController+BackButton.swift in Sources */ = {isa = PBXBuildFile; fileRef = FD3190AB20D6BD5E00017179 /* UIViewController+BackButton.swift */; };
		FD35925220B5A25C00EA634D /* NetworkService+MyProfile.swift in Sources */ = {isa = PBXBuildFile; fileRef = FD35925120B5A25C00EA634D /* NetworkService+MyProfile.swift */; };
		FD35925420B5A71800EA634D /* User.swift in Sources */ = {isa = PBXBuildFile; fileRef = FD35925320B5A71800EA634D /* User.swift */; };
		FD35925620B5A9BE00EA634D /* RealmUser.swift in Sources */ = {isa = PBXBuildFile; fileRef = FD35925520B5A9BE00EA634D /* RealmUser.swift */; };
		FD35925820B5AAEA00EA634D /* UserResponse.swift in Sources */ = {isa = PBXBuildFile; fileRef = FD35925720B5AAEA00EA634D /* UserResponse.swift */; };
		FD35925B20B5ADF000EA634D /* UserDataService.swift in Sources */ = {isa = PBXBuildFile; fileRef = FD35925A20B5ADF000EA634D /* UserDataService.swift */; };
		FD3AE28820B6E7BE0079636B /* ProfileHeaderView.swift in Sources */ = {isa = PBXBuildFile; fileRef = FD3AE28720B6E7BE0079636B /* ProfileHeaderView.swift */; };
		FD3AE28B20B6E84F0079636B /* AvatarView.swift in Sources */ = {isa = PBXBuildFile; fileRef = FD3AE28A20B6E84F0079636B /* AvatarView.swift */; };
		FD3AE28D20B6F6CD0079636B /* ProfileCell.swift in Sources */ = {isa = PBXBuildFile; fileRef = FD3AE28C20B6F6CD0079636B /* ProfileCell.swift */; };
		FD3AE29220B6FBE90079636B /* ProfileCellViewModel.swift in Sources */ = {isa = PBXBuildFile; fileRef = FD3AE29120B6FBE90079636B /* ProfileCellViewModel.swift */; };
		FD3AE29420B702D10079636B /* Date+DaySuffix.swift in Sources */ = {isa = PBXBuildFile; fileRef = FD3AE29320B702D10079636B /* Date+DaySuffix.swift */; };
		FD68679520CFF9570074DC6D /* BaseNetworkTestCase.swift in Sources */ = {isa = PBXBuildFile; fileRef = FD68678F20CFF9560074DC6D /* BaseNetworkTestCase.swift */; };
		FD68679720CFFC9F0074DC6D /* ProfileRequestsTests.swift in Sources */ = {isa = PBXBuildFile; fileRef = FD68679620CFFC9F0074DC6D /* ProfileRequestsTests.swift */; };
		FD68679920D0078B0074DC6D /* AnimeRequestsTests.swift in Sources */ = {isa = PBXBuildFile; fileRef = FD68679820D0078A0074DC6D /* AnimeRequestsTests.swift */; };
		FD6ABCA62095EA7100B117E5 /* Common.swift in Sources */ = {isa = PBXBuildFile; fileRef = FD6ABCA52095EA7100B117E5 /* Common.swift */; };
		FD6ABCA82095EB9100B117E5 /* LogoutHandler.swift in Sources */ = {isa = PBXBuildFile; fileRef = FD6ABCA72095EB9100B117E5 /* LogoutHandler.swift */; };
		FD6ABCB62096187800B117E5 /* Credentials.swift in Sources */ = {isa = PBXBuildFile; fileRef = FD6ABCB52096187800B117E5 /* Credentials.swift */; };
		FD6ABCB8209630F500B117E5 /* RetryHandler.swift in Sources */ = {isa = PBXBuildFile; fileRef = FD6ABCB7209630F500B117E5 /* RetryHandler.swift */; };
		FD84FCED20D1508E004520FE /* LoginViewModelTests.swift in Sources */ = {isa = PBXBuildFile; fileRef = FD84FCEC20D1508E004520FE /* LoginViewModelTests.swift */; };
		FD84FCF420D15374004520FE /* DependencyStub.swift in Sources */ = {isa = PBXBuildFile; fileRef = FD84FCEF20D15172004520FE /* DependencyStub.swift */; };
		FD84FCF620D15D0B004520FE /* ProfileCellViewModelTests.swift in Sources */ = {isa = PBXBuildFile; fileRef = FD84FCF520D15D0B004520FE /* ProfileCellViewModelTests.swift */; };
		FD84FCF820D15EC7004520FE /* ProfileViewModelTests.swift in Sources */ = {isa = PBXBuildFile; fileRef = FD84FCF720D15EC7004520FE /* ProfileViewModelTests.swift */; };
		FDA4185220ADCBBB00B41819 /* TabBarController.swift in Sources */ = {isa = PBXBuildFile; fileRef = FDA4185120ADCBBB00B41819 /* TabBarController.swift */; };
		FDA4185620ADCC7A00B41819 /* LoginViewController.swift in Sources */ = {isa = PBXBuildFile; fileRef = FDA4185520ADCC7A00B41819 /* LoginViewController.swift */; };
		FDA4185820ADCC8D00B41819 /* LoginViewModel.swift in Sources */ = {isa = PBXBuildFile; fileRef = FDA4185720ADCC8D00B41819 /* LoginViewModel.swift */; };
		FDA4185A20ADCD4700B41819 /* HomeTabBarController.swift in Sources */ = {isa = PBXBuildFile; fileRef = FDA4185920ADCD4700B41819 /* HomeTabBarController.swift */; };
		FDA4185E20ADD23000B41819 /* Profile.strings in Resources */ = {isa = PBXBuildFile; fileRef = FDA4185D20ADD23000B41819 /* Profile.strings */; };
		FDA4186220ADD8F500B41819 /* MyProfileViewController.swift in Sources */ = {isa = PBXBuildFile; fileRef = FDA4186120ADD8F500B41819 /* MyProfileViewController.swift */; };
		FDA4186420ADD90000B41819 /* MyProfileViewModel.swift in Sources */ = {isa = PBXBuildFile; fileRef = FDA4186320ADD90000B41819 /* MyProfileViewModel.swift */; };
		FDABF22B20D6921700DC0390 /* UIViewController+NotificationBanner.swift in Sources */ = {isa = PBXBuildFile; fileRef = FDABF22A20D6921700DC0390 /* UIViewController+NotificationBanner.swift */; };
		FDABF22D20D69A3600DC0390 /* AnimeListErrorView.swift in Sources */ = {isa = PBXBuildFile; fileRef = FDABF22C20D69A3600DC0390 /* AnimeListErrorView.swift */; };
		FDB1C31F20B1AEDE0044ACA4 /* UIViewController+Children.swift in Sources */ = {isa = PBXBuildFile; fileRef = FDB1C31E20B1AEDE0044ACA4 /* UIViewController+Children.swift */; };
		FDB1C32720B1C0180044ACA4 /* Login.strings in Resources */ = {isa = PBXBuildFile; fileRef = FDB1C32620B1C0180044ACA4 /* Login.strings */; };
		FDCAB3DE2095E5320000675D /* AppDependency.swift in Sources */ = {isa = PBXBuildFile; fileRef = FDCAB3DB2095E5320000675D /* AppDependency.swift */; };
		FDCAB3DF2095E5320000675D /* MainCoordinatorUtility.swift in Sources */ = {isa = PBXBuildFile; fileRef = FDCAB3DC2095E5320000675D /* MainCoordinatorUtility.swift */; };
		FDCAB3E02095E5320000675D /* MainCoordinator.swift in Sources */ = {isa = PBXBuildFile; fileRef = FDCAB3DD2095E5320000675D /* MainCoordinator.swift */; };
		FDCAB3FC2095E6210000675D /* NetworkEnvironment.swift in Sources */ = {isa = PBXBuildFile; fileRef = FDCAB3EA2095E6210000675D /* NetworkEnvironment.swift */; };
		FDCAB3FD2095E6210000675D /* ReachabilityService.swift in Sources */ = {isa = PBXBuildFile; fileRef = FDCAB3EB2095E6210000675D /* ReachabilityService.swift */; };
		FDCAB3FE2095E6210000675D /* RequestLogger.swift in Sources */ = {isa = PBXBuildFile; fileRef = FDCAB3EC2095E6210000675D /* RequestLogger.swift */; };
		FDCAB3FF2095E6210000675D /* URLFactory.swift in Sources */ = {isa = PBXBuildFile; fileRef = FDCAB3ED2095E6210000675D /* URLFactory.swift */; };
		FDCAB4002095E6210000675D /* NetworkErrorService.swift in Sources */ = {isa = PBXBuildFile; fileRef = FDCAB3EE2095E6210000675D /* NetworkErrorService.swift */; };
		FDCAB4012095E6210000675D /* EmptyResponse.swift in Sources */ = {isa = PBXBuildFile; fileRef = FDCAB3F02095E6210000675D /* EmptyResponse.swift */; };
		FDCAB4032095E6210000675D /* ErrorResponse.swift in Sources */ = {isa = PBXBuildFile; fileRef = FDCAB3F22095E6210000675D /* ErrorResponse.swift */; };
		FDCAB4042095E6210000675D /* NetworkService.swift in Sources */ = {isa = PBXBuildFile; fileRef = FDCAB3F42095E6210000675D /* NetworkService.swift */; };
		FDCAB4052095E6210000675D /* NetworkServiceProtocols.swift in Sources */ = {isa = PBXBuildFile; fileRef = FDCAB3F52095E6210000675D /* NetworkServiceProtocols.swift */; };
		FDCAB4062095E6210000675D /* NetworkService+Auth.swift in Sources */ = {isa = PBXBuildFile; fileRef = FDCAB3F62095E6210000675D /* NetworkService+Auth.swift */; };
		FDCAB4072095E6210000675D /* RealmService.swift in Sources */ = {isa = PBXBuildFile; fileRef = FDCAB3F82095E6210000675D /* RealmService.swift */; };
		FDCAB4082095E6210000675D /* RealmService+Generics.swift in Sources */ = {isa = PBXBuildFile; fileRef = FDCAB3F92095E6210000675D /* RealmService+Generics.swift */; };
		FDEEFE8920D7942A00597C07 /* AnimeDetailInfoView.swift in Sources */ = {isa = PBXBuildFile; fileRef = FDEEFE8820D7942A00597C07 /* AnimeDetailInfoView.swift */; };
		FDEEFE8B20D7AD8C00597C07 /* AnimeDetailView.swift in Sources */ = {isa = PBXBuildFile; fileRef = FDEEFE8A20D7AD8C00597C07 /* AnimeDetailView.swift */; };
		FDEEFE8D20D7CAFB00597C07 /* AnimeDetailsViewModelTests.swift in Sources */ = {isa = PBXBuildFile; fileRef = FDEEFE8C20D7CAFB00597C07 /* AnimeDetailsViewModelTests.swift */; };
		FDEEFE9020D8BF2F00597C07 /* DateWithOrdinalSuffixTest.swift in Sources */ = {isa = PBXBuildFile; fileRef = FDEEFE8F20D8BF2F00597C07 /* DateWithOrdinalSuffixTest.swift */; };
		FDEEFE9320D8D7CD00597C07 /* NavigationObserver.swift in Sources */ = {isa = PBXBuildFile; fileRef = FDEEFE9220D8D7CD00597C07 /* NavigationObserver.swift */; };
		FDEEFE9520D8D87000597C07 /* UINavigationController+PreviousShown.swift in Sources */ = {isa = PBXBuildFile; fileRef = FDEEFE9420D8D87000597C07 /* UINavigationController+PreviousShown.swift */; };
		FDEEFE9920D8E1C800597C07 /* AnimeService.swift in Sources */ = {isa = PBXBuildFile; fileRef = FDEEFE9820D8E1C800597C07 /* AnimeService.swift */; };
		FDEEFE9B20D8E1EA00597C07 /* AnimeRealmService.swift in Sources */ = {isa = PBXBuildFile; fileRef = FDEEFE9A20D8E1EA00597C07 /* AnimeRealmService.swift */; };
		FDEEFE9D20D8E46E00597C07 /* UserService.swift in Sources */ = {isa = PBXBuildFile; fileRef = FDEEFE9C20D8E46E00597C07 /* UserService.swift */; };
		FDEEFE9F20D8E4CC00597C07 /* UserRealmService.swift in Sources */ = {isa = PBXBuildFile; fileRef = FDEEFE9E20D8E4CC00597C07 /* UserRealmService.swift */; };
		FDEEFEA220D8E9FA00597C07 /* SavedDataClearingService.swift in Sources */ = {isa = PBXBuildFile; fileRef = FDEEFEA120D8E9FA00597C07 /* SavedDataClearingService.swift */; };
		FDFCF7D02096DE2300F7A901 /* HomeCoordinator.swift in Sources */ = {isa = PBXBuildFile; fileRef = FDFCF7CF2096DE2300F7A901 /* HomeCoordinator.swift */; };
		FDFCF7E02096EB0100F7A901 /* AnimeListViewController.swift in Sources */ = {isa = PBXBuildFile; fileRef = FDFCF7DB2096EB0100F7A901 /* AnimeListViewController.swift */; };
		FDFCF7E12096EB0100F7A901 /* AnimeCellViewModel.swift in Sources */ = {isa = PBXBuildFile; fileRef = FDFCF7DE2096EB0100F7A901 /* AnimeCellViewModel.swift */; };
		FDFCF7E22096EB0100F7A901 /* AnimeListViewModel.swift in Sources */ = {isa = PBXBuildFile; fileRef = FDFCF7DF2096EB0100F7A901 /* AnimeListViewModel.swift */; };
		FDFCF7E72096EC5200F7A901 /* AnimeListTableViewCell.swift in Sources */ = {isa = PBXBuildFile; fileRef = FDFCF7E62096EC5200F7A901 /* AnimeListTableViewCell.swift */; };
		FDFCF7E92096F03700F7A901 /* NetworkService+AnimeList.swift in Sources */ = {isa = PBXBuildFile; fileRef = FDFCF7E82096F03700F7A901 /* NetworkService+AnimeList.swift */; };
		FDFCF7ED2097344600F7A901 /* UIFont+AppFonts.swift in Sources */ = {isa = PBXBuildFile; fileRef = FDFCF7EC2097344600F7A901 /* UIFont+AppFonts.swift */; };
		FDFCF7FA20973AAF00F7A901 /* Anime.swift in Sources */ = {isa = PBXBuildFile; fileRef = FDFCF7F920973AAF00F7A901 /* Anime.swift */; };
		FDFCF7FE2097438B00F7A901 /* RealmAnime.swift in Sources */ = {isa = PBXBuildFile; fileRef = FDFCF7FD2097438B00F7A901 /* RealmAnime.swift */; };
		FDFCF800209753B200F7A901 /* Date+Marshal.swift in Sources */ = {isa = PBXBuildFile; fileRef = FDFCF7FF209753B200F7A901 /* Date+Marshal.swift */; };
		FDFCF80420975A9800F7A901 /* AnimeListResponse.swift in Sources */ = {isa = PBXBuildFile; fileRef = FDFCF80320975A9800F7A901 /* AnimeListResponse.swift */; };
		FDFCF8062097676E00F7A901 /* UIImageView+Kingfisher.swift in Sources */ = {isa = PBXBuildFile; fileRef = FDFCF8052097676D00F7A901 /* UIImageView+Kingfisher.swift */; };
		FDFCF808209769E500F7A901 /* AnimeList.strings in Resources */ = {isa = PBXBuildFile; fileRef = FDFCF807209769E500F7A901 /* AnimeList.strings */; };
		FDFD6D5C2098BB3C00D08F2E /* RobotoCondensed-Bold.ttf in Resources */ = {isa = PBXBuildFile; fileRef = FDFD6D5B2098BB3B00D08F2E /* RobotoCondensed-Bold.ttf */; };
		FDFD6D5D2098BB3E00D08F2E /* RobotoCondensed-Regular.ttf in Resources */ = {isa = PBXBuildFile; fileRef = FDFD6D5A2098BB3A00D08F2E /* RobotoCondensed-Regular.ttf */; };
/* End PBXBuildFile section */

/* Begin PBXContainerItemProxy section */
		FDCAB3CE2095C6EB0000675D /* PBXContainerItemProxy */ = {
			isa = PBXContainerItemProxy;
			containerPortal = 444B9CED1D48B35500D44465 /* Project object */;
			proxyType = 1;
			remoteGlobalIDString = 444B9CF41D48B35500D44465;
			remoteInfo = Kitsune;
		};
/* End PBXContainerItemProxy section */

/* Begin PBXCopyFilesBuildPhase section */
		8BD264D72043FCA000095E68 /* Embed Frameworks */ = {
			isa = PBXCopyFilesBuildPhase;
			buildActionMask = 2147483647;
			dstPath = "";
			dstSubfolderSpec = 10;
			files = (
			);
			name = "Embed Frameworks";
			runOnlyForDeploymentPostprocessing = 0;
		};
/* End PBXCopyFilesBuildPhase section */

/* Begin PBXFileReference section */
		00B5D59B1099DC6FFE1E0FDB /* Pods-KitsuneTests.debug.xcconfig */ = {isa = PBXFileReference; includeInIndex = 1; lastKnownFileType = text.xcconfig; name = "Pods-KitsuneTests.debug.xcconfig"; path = "Pods/Target Support Files/Pods-KitsuneTests/Pods-KitsuneTests.debug.xcconfig"; sourceTree = "<group>"; };
		0A11604A1A6A87A098CE78D0 /* Pods_Kitsune.framework */ = {isa = PBXFileReference; explicitFileType = wrapper.framework; includeInIndex = 0; path = Pods_Kitsune.framework; sourceTree = BUILT_PRODUCTS_DIR; };
		444B9CF51D48B35500D44465 /* Kitsune.app */ = {isa = PBXFileReference; explicitFileType = wrapper.application; includeInIndex = 0; path = Kitsune.app; sourceTree = BUILT_PRODUCTS_DIR; };
		44D7704B1D48BDA300D5EB72 /* Assets.xcassets */ = {isa = PBXFileReference; lastKnownFileType = folder.assetcatalog; path = Assets.xcassets; sourceTree = "<group>"; };
		4B1642FBA87D7282C63DA750 /* Pods-Kitsune.debug.xcconfig */ = {isa = PBXFileReference; includeInIndex = 1; lastKnownFileType = text.xcconfig; name = "Pods-Kitsune.debug.xcconfig"; path = "Pods/Target Support Files/Pods-Kitsune/Pods-Kitsune.debug.xcconfig"; sourceTree = "<group>"; };
		8B1F5B1D20D20D5000406E03 /* AnimeCellViewModelTests.swift */ = {isa = PBXFileReference; lastKnownFileType = sourcecode.swift; path = AnimeCellViewModelTests.swift; sourceTree = "<group>"; };
		8B1F5B1F20D2117400406E03 /* AnimeViewModelTests.swift */ = {isa = PBXFileReference; lastKnownFileType = sourcecode.swift; path = AnimeViewModelTests.swift; sourceTree = "<group>"; };
		8B3506852092D09700586986 /* R.generated.swift */ = {isa = PBXFileReference; fileEncoding = 4; lastKnownFileType = sourcecode.swift; path = R.generated.swift; sourceTree = "<group>"; };
		8B3506892092D21100586986 /* NetworkErrors.strings */ = {isa = PBXFileReference; fileEncoding = 4; lastKnownFileType = text.plist.strings; path = NetworkErrors.strings; sourceTree = "<group>"; };
		8B60AAAA208DBF1D00E6986C /* Common.strings */ = {isa = PBXFileReference; fileEncoding = 4; lastKnownFileType = text.plist.strings; path = Common.strings; sourceTree = "<group>"; };
		8B61C7962091E026005FD0F7 /* ReuseIdentifiable.swift */ = {isa = PBXFileReference; fileEncoding = 4; lastKnownFileType = sourcecode.swift; path = ReuseIdentifiable.swift; sourceTree = "<group>"; };
		8B72985720C66A1700529723 /* ViewModelNetworkRequesting.swift */ = {isa = PBXFileReference; lastKnownFileType = sourcecode.swift; path = ViewModelNetworkRequesting.swift; sourceTree = "<group>"; };
		8B8758F8208D888D00D1BBF5 /* NavigationFlowCoordinator.swift */ = {isa = PBXFileReference; fileEncoding = 4; lastKnownFileType = sourcecode.swift; path = NavigationFlowCoordinator.swift; sourceTree = "<group>"; };
		8B8758F9208D888D00D1BBF5 /* NavigationController.swift */ = {isa = PBXFileReference; fileEncoding = 4; lastKnownFileType = sourcecode.swift; path = NavigationController.swift; sourceTree = "<group>"; };
		8B8758FA208D888D00D1BBF5 /* BaseViewController.swift */ = {isa = PBXFileReference; fileEncoding = 4; lastKnownFileType = sourcecode.swift; path = BaseViewController.swift; sourceTree = "<group>"; };
		8BC4AE052043A9DB0093E231 /* LaunchScreen.storyboard */ = {isa = PBXFileReference; fileEncoding = 4; lastKnownFileType = file.storyboard; path = LaunchScreen.storyboard; sourceTree = "<group>"; };
		8BC4AE062043A9DB0093E231 /* AppDelegate.swift */ = {isa = PBXFileReference; fileEncoding = 4; lastKnownFileType = sourcecode.swift; path = AppDelegate.swift; sourceTree = "<group>"; };
		8BD264872043C05E00095E68 /* Logger.swift */ = {isa = PBXFileReference; fileEncoding = 4; lastKnownFileType = sourcecode.swift; path = Logger.swift; sourceTree = "<group>"; };
		8BD2648C2043C2FB00095E68 /* BaseCoordinator.swift */ = {isa = PBXFileReference; fileEncoding = 4; lastKnownFileType = sourcecode.swift; path = BaseCoordinator.swift; sourceTree = "<group>"; };
		8BD264902043C3A700095E68 /* Constants.swift */ = {isa = PBXFileReference; lastKnownFileType = sourcecode.swift; path = Constants.swift; sourceTree = "<group>"; };
		8BD2649E2043C5A500095E68 /* UIViewController+ErrorHandling.swift */ = {isa = PBXFileReference; fileEncoding = 4; lastKnownFileType = sourcecode.swift; path = "UIViewController+ErrorHandling.swift"; sourceTree = "<group>"; };
		8BD264A32043C5A500095E68 /* UIColor+AppColors.swift */ = {isa = PBXFileReference; fileEncoding = 4; lastKnownFileType = sourcecode.swift; path = "UIColor+AppColors.swift"; sourceTree = "<group>"; };
		8BD264A62043C5A600095E68 /* UIViewController+Alerts.swift */ = {isa = PBXFileReference; fileEncoding = 4; lastKnownFileType = sourcecode.swift; path = "UIViewController+Alerts.swift"; sourceTree = "<group>"; };
		8BD264F120441A6700095E68 /* RealmFactory.swift */ = {isa = PBXFileReference; fileEncoding = 4; lastKnownFileType = sourcecode.swift; path = RealmFactory.swift; sourceTree = "<group>"; };
		C876E55BD97847054763D7B2 /* Pods-KitsuneTests.appstore.xcconfig */ = {isa = PBXFileReference; includeInIndex = 1; lastKnownFileType = text.xcconfig; name = "Pods-KitsuneTests.appstore.xcconfig"; path = "Pods/Target Support Files/Pods-KitsuneTests/Pods-KitsuneTests.appstore.xcconfig"; sourceTree = "<group>"; };
		D8DEC7DF5B4D0DA3DB0CC2C2 /* Pods-Kitsune.appstore.xcconfig */ = {isa = PBXFileReference; includeInIndex = 1; lastKnownFileType = text.xcconfig; name = "Pods-Kitsune.appstore.xcconfig"; path = "Pods/Target Support Files/Pods-Kitsune/Pods-Kitsune.appstore.xcconfig"; sourceTree = "<group>"; };
		FD16A9EF20C826EE00FE2E17 /* AnimeUnmarshalingTests.swift */ = {isa = PBXFileReference; fileEncoding = 4; lastKnownFileType = sourcecode.swift; path = AnimeUnmarshalingTests.swift; sourceTree = "<group>"; };
		FD16A9F220C826EE00FE2E17 /* UserUnmarshalingTests.swift */ = {isa = PBXFileReference; fileEncoding = 4; lastKnownFileType = sourcecode.swift; path = UserUnmarshalingTests.swift; sourceTree = "<group>"; };
		FD16A9F420C826EE00FE2E17 /* TestDataGeneration.swift */ = {isa = PBXFileReference; fileEncoding = 4; lastKnownFileType = sourcecode.swift; path = TestDataGeneration.swift; sourceTree = "<group>"; };
		FD16A9F920C826EE00FE2E17 /* RealmUserTests.swift */ = {isa = PBXFileReference; fileEncoding = 4; lastKnownFileType = sourcecode.swift; path = RealmUserTests.swift; sourceTree = "<group>"; };
		FD16A9FD20C826EE00FE2E17 /* RealmAnimeTests.swift */ = {isa = PBXFileReference; fileEncoding = 4; lastKnownFileType = sourcecode.swift; path = RealmAnimeTests.swift; sourceTree = "<group>"; };
		FD31909B20D6A58F00017179 /* AnimeListEmptyView.swift */ = {isa = PBXFileReference; lastKnownFileType = sourcecode.swift; path = AnimeListEmptyView.swift; sourceTree = "<group>"; };
		FD31909D20D6AAB900017179 /* String+RegularExpression.swift */ = {isa = PBXFileReference; lastKnownFileType = sourcecode.swift; path = "String+RegularExpression.swift"; sourceTree = "<group>"; };
		FD3190A120D6B54800017179 /* AnimeDetailsCoordinator.swift */ = {isa = PBXFileReference; lastKnownFileType = sourcecode.swift; path = AnimeDetailsCoordinator.swift; sourceTree = "<group>"; };
		FD3190A320D6B6A000017179 /* AnimeDetailsViewController.swift */ = {isa = PBXFileReference; lastKnownFileType = sourcecode.swift; path = AnimeDetailsViewController.swift; sourceTree = "<group>"; };
		FD3190A520D6B7CF00017179 /* AnimeDetailsViewModel.swift */ = {isa = PBXFileReference; lastKnownFileType = sourcecode.swift; path = AnimeDetailsViewModel.swift; sourceTree = "<group>"; };
		FD3190A720D6B89D00017179 /* AnimeDetails.strings */ = {isa = PBXFileReference; lastKnownFileType = text.plist.strings; path = AnimeDetails.strings; sourceTree = "<group>"; };
		FD3190A920D6B92E00017179 /* NsvigationBarHiding.swift */ = {isa = PBXFileReference; lastKnownFileType = sourcecode.swift; path = NsvigationBarHiding.swift; sourceTree = "<group>"; };
		FD3190AB20D6BD5E00017179 /* UIViewController+BackButton.swift */ = {isa = PBXFileReference; lastKnownFileType = sourcecode.swift; path = "UIViewController+BackButton.swift"; sourceTree = "<group>"; };
		FD35925120B5A25C00EA634D /* NetworkService+MyProfile.swift */ = {isa = PBXFileReference; lastKnownFileType = sourcecode.swift; path = "NetworkService+MyProfile.swift"; sourceTree = "<group>"; };
		FD35925320B5A71800EA634D /* User.swift */ = {isa = PBXFileReference; lastKnownFileType = sourcecode.swift; path = User.swift; sourceTree = "<group>"; };
		FD35925520B5A9BE00EA634D /* RealmUser.swift */ = {isa = PBXFileReference; lastKnownFileType = sourcecode.swift; path = RealmUser.swift; sourceTree = "<group>"; };
		FD35925720B5AAEA00EA634D /* UserResponse.swift */ = {isa = PBXFileReference; lastKnownFileType = sourcecode.swift; path = UserResponse.swift; sourceTree = "<group>"; };
		FD35925A20B5ADF000EA634D /* UserDataService.swift */ = {isa = PBXFileReference; lastKnownFileType = sourcecode.swift; path = UserDataService.swift; sourceTree = "<group>"; };
		FD3AE28720B6E7BE0079636B /* ProfileHeaderView.swift */ = {isa = PBXFileReference; lastKnownFileType = sourcecode.swift; path = ProfileHeaderView.swift; sourceTree = "<group>"; };
		FD3AE28A20B6E84F0079636B /* AvatarView.swift */ = {isa = PBXFileReference; lastKnownFileType = sourcecode.swift; path = AvatarView.swift; sourceTree = "<group>"; };
		FD3AE28C20B6F6CD0079636B /* ProfileCell.swift */ = {isa = PBXFileReference; lastKnownFileType = sourcecode.swift; path = ProfileCell.swift; sourceTree = "<group>"; };
		FD3AE29120B6FBE90079636B /* ProfileCellViewModel.swift */ = {isa = PBXFileReference; lastKnownFileType = sourcecode.swift; path = ProfileCellViewModel.swift; sourceTree = "<group>"; };
		FD3AE29320B702D10079636B /* Date+DaySuffix.swift */ = {isa = PBXFileReference; lastKnownFileType = sourcecode.swift; path = "Date+DaySuffix.swift"; sourceTree = "<group>"; wrapsLines = 0; };
		FD5A12CFA50BA70F92918F3A /* Pods_KitsuneTests.framework */ = {isa = PBXFileReference; explicitFileType = wrapper.framework; includeInIndex = 0; path = Pods_KitsuneTests.framework; sourceTree = BUILT_PRODUCTS_DIR; };
		FD68678F20CFF9560074DC6D /* BaseNetworkTestCase.swift */ = {isa = PBXFileReference; fileEncoding = 4; lastKnownFileType = sourcecode.swift; path = BaseNetworkTestCase.swift; sourceTree = "<group>"; };
		FD68679620CFFC9F0074DC6D /* ProfileRequestsTests.swift */ = {isa = PBXFileReference; fileEncoding = 4; lastKnownFileType = sourcecode.swift; path = ProfileRequestsTests.swift; sourceTree = "<group>"; };
		FD68679820D0078A0074DC6D /* AnimeRequestsTests.swift */ = {isa = PBXFileReference; fileEncoding = 4; lastKnownFileType = sourcecode.swift; path = AnimeRequestsTests.swift; sourceTree = "<group>"; };
		FD6ABCA52095EA7100B117E5 /* Common.swift */ = {isa = PBXFileReference; lastKnownFileType = sourcecode.swift; path = Common.swift; sourceTree = "<group>"; };
		FD6ABCA72095EB9100B117E5 /* LogoutHandler.swift */ = {isa = PBXFileReference; lastKnownFileType = sourcecode.swift; path = LogoutHandler.swift; sourceTree = "<group>"; };
		FD6ABCAA2095F30200B117E5 /* Kitsune-Bridging-Header.h */ = {isa = PBXFileReference; fileEncoding = 4; lastKnownFileType = sourcecode.c.h; path = "Kitsune-Bridging-Header.h"; sourceTree = "<group>"; };
		FD6ABCAB2095F30200B117E5 /* Info.plist */ = {isa = PBXFileReference; fileEncoding = 4; lastKnownFileType = text.plist.xml; path = Info.plist; sourceTree = "<group>"; };
		FD6ABCB52096187800B117E5 /* Credentials.swift */ = {isa = PBXFileReference; lastKnownFileType = sourcecode.swift; path = Credentials.swift; sourceTree = "<group>"; };
		FD6ABCB7209630F500B117E5 /* RetryHandler.swift */ = {isa = PBXFileReference; lastKnownFileType = sourcecode.swift; path = RetryHandler.swift; sourceTree = "<group>"; };
		FD84FCEC20D1508E004520FE /* LoginViewModelTests.swift */ = {isa = PBXFileReference; lastKnownFileType = sourcecode.swift; path = LoginViewModelTests.swift; sourceTree = "<group>"; };
		FD84FCEF20D15172004520FE /* DependencyStub.swift */ = {isa = PBXFileReference; lastKnownFileType = sourcecode.swift; path = DependencyStub.swift; sourceTree = "<group>"; };
		FD84FCF520D15D0B004520FE /* ProfileCellViewModelTests.swift */ = {isa = PBXFileReference; lastKnownFileType = sourcecode.swift; path = ProfileCellViewModelTests.swift; sourceTree = "<group>"; };
		FD84FCF720D15EC7004520FE /* ProfileViewModelTests.swift */ = {isa = PBXFileReference; lastKnownFileType = sourcecode.swift; path = ProfileViewModelTests.swift; sourceTree = "<group>"; };
		FDA4185120ADCBBB00B41819 /* TabBarController.swift */ = {isa = PBXFileReference; lastKnownFileType = sourcecode.swift; path = TabBarController.swift; sourceTree = "<group>"; };
		FDA4185520ADCC7A00B41819 /* LoginViewController.swift */ = {isa = PBXFileReference; lastKnownFileType = sourcecode.swift; path = LoginViewController.swift; sourceTree = "<group>"; };
		FDA4185720ADCC8D00B41819 /* LoginViewModel.swift */ = {isa = PBXFileReference; lastKnownFileType = sourcecode.swift; path = LoginViewModel.swift; sourceTree = "<group>"; };
		FDA4185920ADCD4700B41819 /* HomeTabBarController.swift */ = {isa = PBXFileReference; lastKnownFileType = sourcecode.swift; path = HomeTabBarController.swift; sourceTree = "<group>"; };
		FDA4185D20ADD23000B41819 /* Profile.strings */ = {isa = PBXFileReference; lastKnownFileType = text.plist.strings; path = Profile.strings; sourceTree = "<group>"; };
		FDA4186120ADD8F500B41819 /* MyProfileViewController.swift */ = {isa = PBXFileReference; lastKnownFileType = sourcecode.swift; path = MyProfileViewController.swift; sourceTree = "<group>"; };
		FDA4186320ADD90000B41819 /* MyProfileViewModel.swift */ = {isa = PBXFileReference; lastKnownFileType = sourcecode.swift; path = MyProfileViewModel.swift; sourceTree = "<group>"; };
		FDABF22A20D6921700DC0390 /* UIViewController+NotificationBanner.swift */ = {isa = PBXFileReference; lastKnownFileType = sourcecode.swift; path = "UIViewController+NotificationBanner.swift"; sourceTree = "<group>"; };
		FDABF22C20D69A3600DC0390 /* AnimeListErrorView.swift */ = {isa = PBXFileReference; lastKnownFileType = sourcecode.swift; path = AnimeListErrorView.swift; sourceTree = "<group>"; };
		FDB1C31E20B1AEDE0044ACA4 /* UIViewController+Children.swift */ = {isa = PBXFileReference; lastKnownFileType = sourcecode.swift; path = "UIViewController+Children.swift"; sourceTree = "<group>"; };
		FDB1C32620B1C0180044ACA4 /* Login.strings */ = {isa = PBXFileReference; fileEncoding = 4; lastKnownFileType = text.plist.strings; path = Login.strings; sourceTree = "<group>"; };
		FDCAB3C92095C6EB0000675D /* KitsuneTests.xctest */ = {isa = PBXFileReference; explicitFileType = wrapper.cfbundle; includeInIndex = 0; path = KitsuneTests.xctest; sourceTree = BUILT_PRODUCTS_DIR; };
		FDCAB3CD2095C6EB0000675D /* Info.plist */ = {isa = PBXFileReference; lastKnownFileType = text.plist.xml; path = Info.plist; sourceTree = "<group>"; };
		FDCAB3DB2095E5320000675D /* AppDependency.swift */ = {isa = PBXFileReference; fileEncoding = 4; lastKnownFileType = sourcecode.swift; path = AppDependency.swift; sourceTree = "<group>"; };
		FDCAB3DC2095E5320000675D /* MainCoordinatorUtility.swift */ = {isa = PBXFileReference; fileEncoding = 4; lastKnownFileType = sourcecode.swift; path = MainCoordinatorUtility.swift; sourceTree = "<group>"; };
		FDCAB3DD2095E5320000675D /* MainCoordinator.swift */ = {isa = PBXFileReference; fileEncoding = 4; lastKnownFileType = sourcecode.swift; path = MainCoordinator.swift; sourceTree = "<group>"; };
		FDCAB3EA2095E6210000675D /* NetworkEnvironment.swift */ = {isa = PBXFileReference; fileEncoding = 4; lastKnownFileType = sourcecode.swift; path = NetworkEnvironment.swift; sourceTree = "<group>"; };
		FDCAB3EB2095E6210000675D /* ReachabilityService.swift */ = {isa = PBXFileReference; fileEncoding = 4; lastKnownFileType = sourcecode.swift; path = ReachabilityService.swift; sourceTree = "<group>"; };
		FDCAB3EC2095E6210000675D /* RequestLogger.swift */ = {isa = PBXFileReference; fileEncoding = 4; lastKnownFileType = sourcecode.swift; path = RequestLogger.swift; sourceTree = "<group>"; };
		FDCAB3ED2095E6210000675D /* URLFactory.swift */ = {isa = PBXFileReference; fileEncoding = 4; lastKnownFileType = sourcecode.swift; path = URLFactory.swift; sourceTree = "<group>"; };
		FDCAB3EE2095E6210000675D /* NetworkErrorService.swift */ = {isa = PBXFileReference; fileEncoding = 4; lastKnownFileType = sourcecode.swift; path = NetworkErrorService.swift; sourceTree = "<group>"; };
		FDCAB3F02095E6210000675D /* EmptyResponse.swift */ = {isa = PBXFileReference; fileEncoding = 4; lastKnownFileType = sourcecode.swift; path = EmptyResponse.swift; sourceTree = "<group>"; };
		FDCAB3F22095E6210000675D /* ErrorResponse.swift */ = {isa = PBXFileReference; fileEncoding = 4; lastKnownFileType = sourcecode.swift; path = ErrorResponse.swift; sourceTree = "<group>"; };
		FDCAB3F42095E6210000675D /* NetworkService.swift */ = {isa = PBXFileReference; fileEncoding = 4; lastKnownFileType = sourcecode.swift; path = NetworkService.swift; sourceTree = "<group>"; };
		FDCAB3F52095E6210000675D /* NetworkServiceProtocols.swift */ = {isa = PBXFileReference; fileEncoding = 4; lastKnownFileType = sourcecode.swift; path = NetworkServiceProtocols.swift; sourceTree = "<group>"; };
		FDCAB3F62095E6210000675D /* NetworkService+Auth.swift */ = {isa = PBXFileReference; fileEncoding = 4; lastKnownFileType = sourcecode.swift; path = "NetworkService+Auth.swift"; sourceTree = "<group>"; };
		FDCAB3F82095E6210000675D /* RealmService.swift */ = {isa = PBXFileReference; fileEncoding = 4; lastKnownFileType = sourcecode.swift; path = RealmService.swift; sourceTree = "<group>"; };
		FDCAB3F92095E6210000675D /* RealmService+Generics.swift */ = {isa = PBXFileReference; fileEncoding = 4; lastKnownFileType = sourcecode.swift; path = "RealmService+Generics.swift"; sourceTree = "<group>"; };
		FDEEFE8820D7942A00597C07 /* AnimeDetailInfoView.swift */ = {isa = PBXFileReference; lastKnownFileType = sourcecode.swift; path = AnimeDetailInfoView.swift; sourceTree = "<group>"; };
		FDEEFE8A20D7AD8C00597C07 /* AnimeDetailView.swift */ = {isa = PBXFileReference; lastKnownFileType = sourcecode.swift; path = AnimeDetailView.swift; sourceTree = "<group>"; };
		FDEEFE8C20D7CAFB00597C07 /* AnimeDetailsViewModelTests.swift */ = {isa = PBXFileReference; lastKnownFileType = sourcecode.swift; path = AnimeDetailsViewModelTests.swift; sourceTree = "<group>"; };
		FDEEFE8F20D8BF2F00597C07 /* DateWithOrdinalSuffixTest.swift */ = {isa = PBXFileReference; lastKnownFileType = sourcecode.swift; path = DateWithOrdinalSuffixTest.swift; sourceTree = "<group>"; };
		FDEEFE9220D8D7CD00597C07 /* NavigationObserver.swift */ = {isa = PBXFileReference; lastKnownFileType = sourcecode.swift; path = NavigationObserver.swift; sourceTree = "<group>"; };
		FDEEFE9420D8D87000597C07 /* UINavigationController+PreviousShown.swift */ = {isa = PBXFileReference; lastKnownFileType = sourcecode.swift; path = "UINavigationController+PreviousShown.swift"; sourceTree = "<group>"; };
		FDEEFE9820D8E1C800597C07 /* AnimeService.swift */ = {isa = PBXFileReference; lastKnownFileType = sourcecode.swift; path = AnimeService.swift; sourceTree = "<group>"; };
		FDEEFE9A20D8E1EA00597C07 /* AnimeRealmService.swift */ = {isa = PBXFileReference; lastKnownFileType = sourcecode.swift; path = AnimeRealmService.swift; sourceTree = "<group>"; };
		FDEEFE9C20D8E46E00597C07 /* UserService.swift */ = {isa = PBXFileReference; lastKnownFileType = sourcecode.swift; path = UserService.swift; sourceTree = "<group>"; };
		FDEEFE9E20D8E4CC00597C07 /* UserRealmService.swift */ = {isa = PBXFileReference; lastKnownFileType = sourcecode.swift; path = UserRealmService.swift; sourceTree = "<group>"; };
		FDEEFEA120D8E9FA00597C07 /* SavedDataClearingService.swift */ = {isa = PBXFileReference; lastKnownFileType = sourcecode.swift; path = SavedDataClearingService.swift; sourceTree = "<group>"; };
		FDFCF7CF2096DE2300F7A901 /* HomeCoordinator.swift */ = {isa = PBXFileReference; lastKnownFileType = sourcecode.swift; path = HomeCoordinator.swift; sourceTree = "<group>"; };
		FDFCF7DB2096EB0100F7A901 /* AnimeListViewController.swift */ = {isa = PBXFileReference; fileEncoding = 4; lastKnownFileType = sourcecode.swift; path = AnimeListViewController.swift; sourceTree = "<group>"; };
		FDFCF7DE2096EB0100F7A901 /* AnimeCellViewModel.swift */ = {isa = PBXFileReference; fileEncoding = 4; lastKnownFileType = sourcecode.swift; path = AnimeCellViewModel.swift; sourceTree = "<group>"; };
		FDFCF7DF2096EB0100F7A901 /* AnimeListViewModel.swift */ = {isa = PBXFileReference; fileEncoding = 4; lastKnownFileType = sourcecode.swift; path = AnimeListViewModel.swift; sourceTree = "<group>"; };
		FDFCF7E62096EC5200F7A901 /* AnimeListTableViewCell.swift */ = {isa = PBXFileReference; lastKnownFileType = sourcecode.swift; path = AnimeListTableViewCell.swift; sourceTree = "<group>"; };
		FDFCF7E82096F03700F7A901 /* NetworkService+AnimeList.swift */ = {isa = PBXFileReference; lastKnownFileType = sourcecode.swift; path = "NetworkService+AnimeList.swift"; sourceTree = "<group>"; };
		FDFCF7EC2097344600F7A901 /* UIFont+AppFonts.swift */ = {isa = PBXFileReference; lastKnownFileType = sourcecode.swift; path = "UIFont+AppFonts.swift"; sourceTree = "<group>"; };
		FDFCF7F920973AAF00F7A901 /* Anime.swift */ = {isa = PBXFileReference; lastKnownFileType = sourcecode.swift; path = Anime.swift; sourceTree = "<group>"; };
		FDFCF7FD2097438B00F7A901 /* RealmAnime.swift */ = {isa = PBXFileReference; lastKnownFileType = sourcecode.swift; path = RealmAnime.swift; sourceTree = "<group>"; };
		FDFCF7FF209753B200F7A901 /* Date+Marshal.swift */ = {isa = PBXFileReference; lastKnownFileType = sourcecode.swift; path = "Date+Marshal.swift"; sourceTree = "<group>"; };
		FDFCF80320975A9800F7A901 /* AnimeListResponse.swift */ = {isa = PBXFileReference; lastKnownFileType = sourcecode.swift; path = AnimeListResponse.swift; sourceTree = "<group>"; };
		FDFCF8052097676D00F7A901 /* UIImageView+Kingfisher.swift */ = {isa = PBXFileReference; lastKnownFileType = sourcecode.swift; path = "UIImageView+Kingfisher.swift"; sourceTree = "<group>"; };
		FDFCF807209769E500F7A901 /* AnimeList.strings */ = {isa = PBXFileReference; lastKnownFileType = text.plist.strings; path = AnimeList.strings; sourceTree = "<group>"; };
		FDFD6D5A2098BB3A00D08F2E /* RobotoCondensed-Regular.ttf */ = {isa = PBXFileReference; lastKnownFileType = file; path = "RobotoCondensed-Regular.ttf"; sourceTree = "<group>"; };
		FDFD6D5B2098BB3B00D08F2E /* RobotoCondensed-Bold.ttf */ = {isa = PBXFileReference; lastKnownFileType = file; path = "RobotoCondensed-Bold.ttf"; sourceTree = "<group>"; };
/* End PBXFileReference section */

/* Begin PBXFrameworksBuildPhase section */
		444B9CF21D48B35500D44465 /* Frameworks */ = {
			isa = PBXFrameworksBuildPhase;
			buildActionMask = 2147483647;
			files = (
				9FE328D91EA79854EBB25B04 /* Pods_Kitsune.framework in Frameworks */,
			);
			runOnlyForDeploymentPostprocessing = 0;
		};
		FDCAB3C62095C6EB0000675D /* Frameworks */ = {
			isa = PBXFrameworksBuildPhase;
			buildActionMask = 2147483647;
			files = (
				5AFDA431450FC0613F15CA65 /* Pods_KitsuneTests.framework in Frameworks */,
			);
			runOnlyForDeploymentPostprocessing = 0;
		};
/* End PBXFrameworksBuildPhase section */

/* Begin PBXGroup section */
		444B9CEC1D48B35500D44465 = {
			isa = PBXGroup;
			children = (
				8BC4ADFE2043A9DB0093E231 /* Sources */,
				44D7704A1D48BDA300D5EB72 /* Resources */,
				FD6ABCA92095F30200B117E5 /* Supporting Files */,
				FDCAB3CA2095C6EB0000675D /* KitsuneTests */,
				444B9CF61D48B35500D44465 /* Products */,
				E16DB1CD008449157E17245B /* Pods */,
				AF2DED6677AC5E888DADB14D /* Frameworks */,
			);
			sourceTree = "<group>";
		};
		444B9CF61D48B35500D44465 /* Products */ = {
			isa = PBXGroup;
			children = (
				444B9CF51D48B35500D44465 /* Kitsune.app */,
				FDCAB3C92095C6EB0000675D /* KitsuneTests.xctest */,
			);
			name = Products;
			sourceTree = "<group>";
		};
		44D7704A1D48BDA300D5EB72 /* Resources */ = {
			isa = PBXGroup;
			children = (
				8B3506852092D09700586986 /* R.generated.swift */,
				FDFCF7EE2097349100F7A901 /* Fonts */,
				8B2814272043BA0F00636DE8 /* Strings */,
				44D7704B1D48BDA300D5EB72 /* Assets.xcassets */,
				FD6ABCB52096187800B117E5 /* Credentials.swift */,
			);
			path = Resources;
			sourceTree = "<group>";
		};
		8B2814272043BA0F00636DE8 /* Strings */ = {
			isa = PBXGroup;
			children = (
				8B3506892092D21100586986 /* NetworkErrors.strings */,
				FDFCF807209769E500F7A901 /* AnimeList.strings */,
				FD3190A720D6B89D00017179 /* AnimeDetails.strings */,
				FDB1C32620B1C0180044ACA4 /* Login.strings */,
				FDA4185D20ADD23000B41819 /* Profile.strings */,
				8B60AAAA208DBF1D00E6986C /* Common.strings */,
			);
			path = Strings;
			sourceTree = "<group>";
		};
		8B61C7952091E026005FD0F7 /* Protocols */ = {
			isa = PBXGroup;
			children = (
				8B61C7962091E026005FD0F7 /* ReuseIdentifiable.swift */,
				FD6ABCA72095EB9100B117E5 /* LogoutHandler.swift */,
				8B72985720C66A1700529723 /* ViewModelNetworkRequesting.swift */,
				FD3190A920D6B92E00017179 /* NsvigationBarHiding.swift */,
			);
			path = Protocols;
			sourceTree = "<group>";
		};
		8BC4ADFE2043A9DB0093E231 /* Sources */ = {
			isa = PBXGroup;
			children = (
				8BC4AE042043A9DB0093E231 /* Application */,
				8BC4AE002043A9DB0093E231 /* Extensions */,
				8BC4AE022043A9DB0093E231 /* Common */,
				8B61C7952091E026005FD0F7 /* Protocols */,
				8BC4AE032043A9DB0093E231 /* Model */,
				8BC4AE012043A9DB0093E231 /* Modules */,
				FDCAB3E62095E6210000675D /* Services */,
				FDEEFE9120D8D79B00597C07 /* Utils */,
			);
			path = Sources;
			sourceTree = "<group>";
		};
		8BC4AE002043A9DB0093E231 /* Extensions */ = {
			isa = PBXGroup;
			children = (
				8BD264A32043C5A500095E68 /* UIColor+AppColors.swift */,
				FDFCF7EC2097344600F7A901 /* UIFont+AppFonts.swift */,
				8BD264A62043C5A600095E68 /* UIViewController+Alerts.swift */,
				8BD2649E2043C5A500095E68 /* UIViewController+ErrorHandling.swift */,
				FDB1C31E20B1AEDE0044ACA4 /* UIViewController+Children.swift */,
				FDABF22A20D6921700DC0390 /* UIViewController+NotificationBanner.swift */,
				FDEEFE9420D8D87000597C07 /* UINavigationController+PreviousShown.swift */,
				FDFCF8052097676D00F7A901 /* UIImageView+Kingfisher.swift */,
				FD31909D20D6AAB900017179 /* String+RegularExpression.swift */,
				FDFCF7FF209753B200F7A901 /* Date+Marshal.swift */,
				FD3AE29320B702D10079636B /* Date+DaySuffix.swift */,
				FD3190AB20D6BD5E00017179 /* UIViewController+BackButton.swift */,
			);
			path = Extensions;
			sourceTree = "<group>";
		};
		8BC4AE012043A9DB0093E231 /* Modules */ = {
			isa = PBXGroup;
			children = (
				8BD2648B2043C2FB00095E68 /* Base */,
				FDCAB3DA2095E5320000675D /* Main */,
				FDFCF7CE2096DE1300F7A901 /* Home */,
				FD31909F20D6B52C00017179 /* Anime Details */,
			);
			path = Modules;
			sourceTree = "<group>";
		};
		8BC4AE022043A9DB0093E231 /* Common */ = {
			isa = PBXGroup;
			children = (
				8BD264872043C05E00095E68 /* Logger.swift */,
				FD6ABCA52095EA7100B117E5 /* Common.swift */,
				8BD264902043C3A700095E68 /* Constants.swift */,
			);
			path = Common;
			sourceTree = "<group>";
		};
		8BC4AE032043A9DB0093E231 /* Model */ = {
			isa = PBXGroup;
			children = (
				FDCAB3E52095E5780000675D /* Realm */,
				FDCAB3E42095E5780000675D /* Transient */,
			);
			path = Model;
			sourceTree = "<group>";
		};
		8BC4AE042043A9DB0093E231 /* Application */ = {
			isa = PBXGroup;
			children = (
				8BC4AE052043A9DB0093E231 /* LaunchScreen.storyboard */,
				8BC4AE062043A9DB0093E231 /* AppDelegate.swift */,
			);
			path = Application;
			sourceTree = "<group>";
		};
		8BD2648B2043C2FB00095E68 /* Base */ = {
			isa = PBXGroup;
			children = (
				8BD2648C2043C2FB00095E68 /* BaseCoordinator.swift */,
				8B8758FA208D888D00D1BBF5 /* BaseViewController.swift */,
				8B8758F9208D888D00D1BBF5 /* NavigationController.swift */,
				FDA4185120ADCBBB00B41819 /* TabBarController.swift */,
				8B8758F8208D888D00D1BBF5 /* NavigationFlowCoordinator.swift */,
			);
			path = Base;
			sourceTree = "<group>";
		};
		AF2DED6677AC5E888DADB14D /* Frameworks */ = {
			isa = PBXGroup;
			children = (
				0A11604A1A6A87A098CE78D0 /* Pods_Kitsune.framework */,
				FD5A12CFA50BA70F92918F3A /* Pods_KitsuneTests.framework */,
			);
			name = Frameworks;
			sourceTree = "<group>";
		};
		E16DB1CD008449157E17245B /* Pods */ = {
			isa = PBXGroup;
			children = (
				D8DEC7DF5B4D0DA3DB0CC2C2 /* Pods-Kitsune.appstore.xcconfig */,
				4B1642FBA87D7282C63DA750 /* Pods-Kitsune.debug.xcconfig */,
				C876E55BD97847054763D7B2 /* Pods-KitsuneTests.appstore.xcconfig */,
				00B5D59B1099DC6FFE1E0FDB /* Pods-KitsuneTests.debug.xcconfig */,
			);
			name = Pods;
			sourceTree = "<group>";
		};
		FD16A9E520C826EE00FE2E17 /* Unit Tests */ = {
			isa = PBXGroup;
			children = (
				FD16A9ED20C826EE00FE2E17 /* Unmarshaling */,
				FD16A9F720C826EE00FE2E17 /* Realm */,
				FD68678920CFF9560074DC6D /* Network API Interaction */,
				FD84FCEB20D1507A004520FE /* View Models */,
				FDEEFE8E20D8BF1F00597C07 /* Other */,
				FD16A9F320C826EE00FE2E17 /* Auxiliary Classes */,
			);
			path = "Unit Tests";
			sourceTree = "<group>";
		};
		FD16A9ED20C826EE00FE2E17 /* Unmarshaling */ = {
			isa = PBXGroup;
			children = (
				FD16A9EF20C826EE00FE2E17 /* AnimeUnmarshalingTests.swift */,
				FD16A9F220C826EE00FE2E17 /* UserUnmarshalingTests.swift */,
			);
			path = Unmarshaling;
			sourceTree = "<group>";
		};
		FD16A9F320C826EE00FE2E17 /* Auxiliary Classes */ = {
			isa = PBXGroup;
			children = (
				FD16A9F420C826EE00FE2E17 /* TestDataGeneration.swift */,
			);
			path = "Auxiliary Classes";
			sourceTree = "<group>";
		};
		FD16A9F720C826EE00FE2E17 /* Realm */ = {
			isa = PBXGroup;
			children = (
				FD16A9F920C826EE00FE2E17 /* RealmUserTests.swift */,
				FD16A9FD20C826EE00FE2E17 /* RealmAnimeTests.swift */,
			);
			path = Realm;
			sourceTree = "<group>";
		};
		FD31909F20D6B52C00017179 /* Anime Details */ = {
			isa = PBXGroup;
			children = (
				FDEEFE8720D7940F00597C07 /* Views */,
				FD3190A020D6B52C00017179 /* View Model */,
				FD3190A320D6B6A000017179 /* AnimeDetailsViewController.swift */,
				FD3190A120D6B54800017179 /* AnimeDetailsCoordinator.swift */,
			);
			path = "Anime Details";
			sourceTree = "<group>";
		};
		FD3190A020D6B52C00017179 /* View Model */ = {
			isa = PBXGroup;
			children = (
				FD3190A520D6B7CF00017179 /* AnimeDetailsViewModel.swift */,
			);
			path = "View Model";
			sourceTree = "<group>";
		};
		FD35925920B5ADE500EA634D /* User Data Service */ = {
			isa = PBXGroup;
			children = (
				FD35925A20B5ADF000EA634D /* UserDataService.swift */,
			);
			path = "User Data Service";
			sourceTree = "<group>";
		};
		FD3AE28620B6E7B20079636B /* Views */ = {
			isa = PBXGroup;
			children = (
				FD3AE28A20B6E84F0079636B /* AvatarView.swift */,
				FD3AE28C20B6F6CD0079636B /* ProfileCell.swift */,
				FD3AE28720B6E7BE0079636B /* ProfileHeaderView.swift */,
			);
			path = Views;
			sourceTree = "<group>";
		};
		FD68678920CFF9560074DC6D /* Network API Interaction */ = {
			isa = PBXGroup;
			children = (
				FD68678F20CFF9560074DC6D /* BaseNetworkTestCase.swift */,
				FD68679620CFFC9F0074DC6D /* ProfileRequestsTests.swift */,
				FD68679820D0078A0074DC6D /* AnimeRequestsTests.swift */,
			);
			path = "Network API Interaction";
			sourceTree = "<group>";
		};
		FD6ABCA92095F30200B117E5 /* Supporting Files */ = {
			isa = PBXGroup;
			children = (
				FD6ABCAA2095F30200B117E5 /* Kitsune-Bridging-Header.h */,
				FD6ABCAB2095F30200B117E5 /* Info.plist */,
			);
			path = "Supporting Files";
			sourceTree = "<group>";
		};
		FD84FCEB20D1507A004520FE /* View Models */ = {
			isa = PBXGroup;
			children = (
				FD84FCEF20D15172004520FE /* DependencyStub.swift */,
				FD84FCEC20D1508E004520FE /* LoginViewModelTests.swift */,
				FD84FCF520D15D0B004520FE /* ProfileCellViewModelTests.swift */,
				FD84FCF720D15EC7004520FE /* ProfileViewModelTests.swift */,
				8B1F5B1D20D20D5000406E03 /* AnimeCellViewModelTests.swift */,
				8B1F5B1F20D2117400406E03 /* AnimeViewModelTests.swift */,
				FDEEFE8C20D7CAFB00597C07 /* AnimeDetailsViewModelTests.swift */,
			);
			path = "View Models";
			sourceTree = "<group>";
		};
		FDA4185320ADCC6100B41819 /* Login */ = {
			isa = PBXGroup;
			children = (
				FDA4185420ADCC6D00B41819 /* View Model */,
				FDA4185520ADCC7A00B41819 /* LoginViewController.swift */,
			);
			path = Login;
			sourceTree = "<group>";
		};
		FDA4185420ADCC6D00B41819 /* View Model */ = {
			isa = PBXGroup;
			children = (
				FDA4185720ADCC8D00B41819 /* LoginViewModel.swift */,
			);
			path = "View Model";
			sourceTree = "<group>";
		};
		FDA4185F20ADD8E300B41819 /* My Profile */ = {
			isa = PBXGroup;
			children = (
				FD3AE28620B6E7B20079636B /* Views */,
				FDA4186020ADD8E300B41819 /* View Model */,
				FDA4186120ADD8F500B41819 /* MyProfileViewController.swift */,
			);
			path = "My Profile";
			sourceTree = "<group>";
		};
		FDA4186020ADD8E300B41819 /* View Model */ = {
			isa = PBXGroup;
			children = (
				FDA4186320ADD90000B41819 /* MyProfileViewModel.swift */,
				FD3AE29120B6FBE90079636B /* ProfileCellViewModel.swift */,
			);
			path = "View Model";
			sourceTree = "<group>";
		};
		FDCAB3CA2095C6EB0000675D /* KitsuneTests */ = {
			isa = PBXGroup;
			children = (
				FD16A9E520C826EE00FE2E17 /* Unit Tests */,
				FDCAB3CD2095C6EB0000675D /* Info.plist */,
			);
			path = KitsuneTests;
			sourceTree = "<group>";
		};
		FDCAB3DA2095E5320000675D /* Main */ = {
			isa = PBXGroup;
			children = (
				FDCAB3DB2095E5320000675D /* AppDependency.swift */,
				FDCAB3DC2095E5320000675D /* MainCoordinatorUtility.swift */,
				FDCAB3DD2095E5320000675D /* MainCoordinator.swift */,
			);
			path = Main;
			sourceTree = "<group>";
		};
		FDCAB3E42095E5780000675D /* Transient */ = {
			isa = PBXGroup;
			children = (
				FDFCF7F920973AAF00F7A901 /* Anime.swift */,
				FD35925320B5A71800EA634D /* User.swift */,
			);
			path = Transient;
			sourceTree = "<group>";
		};
		FDCAB3E52095E5780000675D /* Realm */ = {
			isa = PBXGroup;
			children = (
				FDFCF7FD2097438B00F7A901 /* RealmAnime.swift */,
				FD35925520B5A9BE00EA634D /* RealmUser.swift */,
			);
			path = Realm;
			sourceTree = "<group>";
		};
		FDCAB3E62095E6210000675D /* Services */ = {
			isa = PBXGroup;
			children = (
				FDEEFEA020D8E9EF00597C07 /* Saved Data Clearing Service */,
				FDEEFE9620D8E1BA00597C07 /* Anime Service */,
				FDEEFE9720D8E1BA00597C07 /* User Service */,
				FDCAB3E92095E6210000675D /* Network  */,
				FDCAB3F72095E6210000675D /* Realm Service */,
				FD35925920B5ADE500EA634D /* User Data Service */,
			);
			path = Services;
			sourceTree = "<group>";
		};
		FDCAB3E92095E6210000675D /* Network  */ = {
			isa = PBXGroup;
			children = (
				FDCAB3EA2095E6210000675D /* NetworkEnvironment.swift */,
				FDCAB3EB2095E6210000675D /* ReachabilityService.swift */,
				FDCAB3EC2095E6210000675D /* RequestLogger.swift */,
				FDCAB3ED2095E6210000675D /* URLFactory.swift */,
				FDCAB3EE2095E6210000675D /* NetworkErrorService.swift */,
				FD6ABCB7209630F500B117E5 /* RetryHandler.swift */,
				FDCAB3EF2095E6210000675D /* Responses */,
				FDCAB3F32095E6210000675D /* Network Service */,
			);
			path = "Network ";
			sourceTree = "<group>";
		};
		FDCAB3EF2095E6210000675D /* Responses */ = {
			isa = PBXGroup;
			children = (
				FDCAB3F02095E6210000675D /* EmptyResponse.swift */,
				FDCAB3F22095E6210000675D /* ErrorResponse.swift */,
				FDFCF80320975A9800F7A901 /* AnimeListResponse.swift */,
				FD35925720B5AAEA00EA634D /* UserResponse.swift */,
			);
			path = Responses;
			sourceTree = "<group>";
		};
		FDCAB3F32095E6210000675D /* Network Service */ = {
			isa = PBXGroup;
			children = (
				FDCAB3F42095E6210000675D /* NetworkService.swift */,
				FDCAB3F52095E6210000675D /* NetworkServiceProtocols.swift */,
				FDCAB3F62095E6210000675D /* NetworkService+Auth.swift */,
				FDFCF7E82096F03700F7A901 /* NetworkService+AnimeList.swift */,
				FD35925120B5A25C00EA634D /* NetworkService+MyProfile.swift */,
			);
			path = "Network Service";
			sourceTree = "<group>";
		};
		FDCAB3F72095E6210000675D /* Realm Service */ = {
			isa = PBXGroup;
			children = (
				8BD264F120441A6700095E68 /* RealmFactory.swift */,
				FDCAB3F82095E6210000675D /* RealmService.swift */,
				FDCAB3F92095E6210000675D /* RealmService+Generics.swift */,
			);
			path = "Realm Service";
			sourceTree = "<group>";
		};
		FDEEFE8720D7940F00597C07 /* Views */ = {
			isa = PBXGroup;
			children = (
				FDEEFE8820D7942A00597C07 /* AnimeDetailInfoView.swift */,
				FDEEFE8A20D7AD8C00597C07 /* AnimeDetailView.swift */,
			);
			path = Views;
			sourceTree = "<group>";
		};
		FDEEFE8E20D8BF1F00597C07 /* Other */ = {
			isa = PBXGroup;
			children = (
				FDEEFE8F20D8BF2F00597C07 /* DateWithOrdinalSuffixTest.swift */,
			);
			path = Other;
			sourceTree = "<group>";
		};
		FDEEFE9120D8D79B00597C07 /* Utils */ = {
			isa = PBXGroup;
			children = (
				FDEEFE9220D8D7CD00597C07 /* NavigationObserver.swift */,
			);
			path = Utils;
			sourceTree = "<group>";
		};
		FDEEFE9620D8E1BA00597C07 /* Anime Service */ = {
			isa = PBXGroup;
			children = (
				FDEEFE9820D8E1C800597C07 /* AnimeService.swift */,
				FDEEFE9A20D8E1EA00597C07 /* AnimeRealmService.swift */,
			);
			path = "Anime Service";
			sourceTree = "<group>";
		};
		FDEEFE9720D8E1BA00597C07 /* User Service */ = {
			isa = PBXGroup;
			children = (
				FDEEFE9C20D8E46E00597C07 /* UserService.swift */,
				FDEEFE9E20D8E4CC00597C07 /* UserRealmService.swift */,
			);
			path = "User Service";
			sourceTree = "<group>";
		};
		FDEEFEA020D8E9EF00597C07 /* Saved Data Clearing Service */ = {
			isa = PBXGroup;
			children = (
				FDEEFEA120D8E9FA00597C07 /* SavedDataClearingService.swift */,
			);
			path = "Saved Data Clearing Service";
			sourceTree = "<group>";
		};
		FDFCF7CE2096DE1300F7A901 /* Home */ = {
			isa = PBXGroup;
			children = (
				FDFCF7DA2096EB0100F7A901 /* Anime List */,
				FDA4185F20ADD8E300B41819 /* My Profile */,
				FDA4185320ADCC6100B41819 /* Login */,
				FDFCF7CF2096DE2300F7A901 /* HomeCoordinator.swift */,
				FDA4185920ADCD4700B41819 /* HomeTabBarController.swift */,
			);
			path = Home;
			sourceTree = "<group>";
		};
		FDFCF7DA2096EB0100F7A901 /* Anime List */ = {
			isa = PBXGroup;
			children = (
				FDFCF7DD2096EB0100F7A901 /* View Model */,
				FDFCF7E52096EC3600F7A901 /* Views */,
				FDFCF7DB2096EB0100F7A901 /* AnimeListViewController.swift */,
			);
			path = "Anime List";
			sourceTree = "<group>";
		};
		FDFCF7DD2096EB0100F7A901 /* View Model */ = {
			isa = PBXGroup;
			children = (
				FDFCF7DE2096EB0100F7A901 /* AnimeCellViewModel.swift */,
				FDFCF7DF2096EB0100F7A901 /* AnimeListViewModel.swift */,
			);
			path = "View Model";
			sourceTree = "<group>";
		};
		FDFCF7E52096EC3600F7A901 /* Views */ = {
			isa = PBXGroup;
			children = (
				FDFCF7E62096EC5200F7A901 /* AnimeListTableViewCell.swift */,
				FDABF22C20D69A3600DC0390 /* AnimeListErrorView.swift */,
				FD31909B20D6A58F00017179 /* AnimeListEmptyView.swift */,
			);
			path = Views;
			sourceTree = "<group>";
		};
		FDFCF7EE2097349100F7A901 /* Fonts */ = {
			isa = PBXGroup;
			children = (
				FDFD6D5B2098BB3B00D08F2E /* RobotoCondensed-Bold.ttf */,
				FDFD6D5A2098BB3A00D08F2E /* RobotoCondensed-Regular.ttf */,
			);
			path = Fonts;
			sourceTree = "<group>";
		};
/* End PBXGroup section */

/* Begin PBXNativeTarget section */
		444B9CF41D48B35500D44465 /* Kitsune */ = {
			isa = PBXNativeTarget;
			buildConfigurationList = 444B9D121D48B35500D44465 /* Build configuration list for PBXNativeTarget "Kitsune" */;
			buildPhases = (
				10E6ECE60811554D4E97FAC2 /* [CP] Check Pods Manifest.lock */,
				448699EC1D4B15040061F9C7 /* Generate Resources (R.swift) */,
				444B9CF11D48B35500D44465 /* Sources */,
				444B9CF21D48B35500D44465 /* Frameworks */,
				444B9CF31D48B35500D44465 /* Resources */,
				448699F01D4B17A10061F9C7 /* Run SwiftLint */,
				448699ED1D4B158C0061F9C7 /* Highlight TODOs and FIXMEs */,
				8BD264D72043FCA000095E68 /* Embed Frameworks */,
				AE1530233AFADF300F02CB76 /* [CP] Embed Pods Frameworks */,
			);
			buildRules = (
			);
			dependencies = (
			);
			name = Kitsune;
			productName = LiviCom;
			productReference = 444B9CF51D48B35500D44465 /* Kitsune.app */;
			productType = "com.apple.product-type.application";
		};
		FDCAB3C82095C6EB0000675D /* KitsuneTests */ = {
			isa = PBXNativeTarget;
			buildConfigurationList = FDCAB3D02095C6EB0000675D /* Build configuration list for PBXNativeTarget "KitsuneTests" */;
			buildPhases = (
				CBB3B6DFD093EB236593E028 /* [CP] Check Pods Manifest.lock */,
				FDCAB3C52095C6EB0000675D /* Sources */,
				FDCAB3C62095C6EB0000675D /* Frameworks */,
				FDCAB3C72095C6EB0000675D /* Resources */,
				F4C5F7276B858D1936893B63 /* [CP] Embed Pods Frameworks */,
			);
			buildRules = (
			);
			dependencies = (
				FDCAB3CF2095C6EB0000675D /* PBXTargetDependency */,
			);
			name = KitsuneTests;
			productName = KitsuneTests;
			productReference = FDCAB3C92095C6EB0000675D /* KitsuneTests.xctest */;
			productType = "com.apple.product-type.bundle.unit-test";
		};
/* End PBXNativeTarget section */

/* Begin PBXProject section */
		444B9CED1D48B35500D44465 /* Project object */ = {
			isa = PBXProject;
			attributes = {
				LastSwiftUpdateCheck = 0930;
				LastUpgradeCheck = 0930;
				ORGANIZATIONNAME = "";
				TargetAttributes = {
					444B9CF41D48B35500D44465 = {
						CreatedOnToolsVersion = 7.3;
						DevelopmentTeam = RBAQY4C72X;
						LastSwiftMigration = 0800;
						ProvisioningStyle = Automatic;
					};
					FDCAB3C82095C6EB0000675D = {
						CreatedOnToolsVersion = 9.3;
						ProvisioningStyle = Automatic;
						TestTargetID = 444B9CF41D48B35500D44465;
					};
				};
			};
			buildConfigurationList = 444B9CF01D48B35500D44465 /* Build configuration list for PBXProject "Kitsune" */;
			compatibilityVersion = "Xcode 3.2";
			developmentRegion = English;
			hasScannedForEncodings = 0;
			knownRegions = (
				Base,
				en,
			);
			mainGroup = 444B9CEC1D48B35500D44465;
			productRefGroup = 444B9CF61D48B35500D44465 /* Products */;
			projectDirPath = "";
			projectRoot = "";
			targets = (
				444B9CF41D48B35500D44465 /* Kitsune */,
				FDCAB3C82095C6EB0000675D /* KitsuneTests */,
			);
		};
/* End PBXProject section */

/* Begin PBXResourcesBuildPhase section */
		444B9CF31D48B35500D44465 /* Resources */ = {
			isa = PBXResourcesBuildPhase;
			buildActionMask = 2147483647;
			files = (
				FDFD6D5C2098BB3C00D08F2E /* RobotoCondensed-Bold.ttf in Resources */,
				8B35068A2092D21200586986 /* NetworkErrors.strings in Resources */,
				FDA4185E20ADD23000B41819 /* Profile.strings in Resources */,
				FDFD6D5D2098BB3E00D08F2E /* RobotoCondensed-Regular.ttf in Resources */,
				FD3190A820D6B89D00017179 /* AnimeDetails.strings in Resources */,
				FDFCF808209769E500F7A901 /* AnimeList.strings in Resources */,
				44D7705D1D48BDA300D5EB72 /* Assets.xcassets in Resources */,
				8BC4AE082043A9DB0093E231 /* LaunchScreen.storyboard in Resources */,
				FDB1C32720B1C0180044ACA4 /* Login.strings in Resources */,
				8B60AAAB208DBF1D00E6986C /* Common.strings in Resources */,
			);
			runOnlyForDeploymentPostprocessing = 0;
		};
		FDCAB3C72095C6EB0000675D /* Resources */ = {
			isa = PBXResourcesBuildPhase;
			buildActionMask = 2147483647;
			files = (
			);
			runOnlyForDeploymentPostprocessing = 0;
		};
/* End PBXResourcesBuildPhase section */

/* Begin PBXShellScriptBuildPhase section */
		10E6ECE60811554D4E97FAC2 /* [CP] Check Pods Manifest.lock */ = {
			isa = PBXShellScriptBuildPhase;
			buildActionMask = 2147483647;
			files = (
			);
			inputPaths = (
				"${PODS_PODFILE_DIR_PATH}/Podfile.lock",
				"${PODS_ROOT}/Manifest.lock",
			);
			name = "[CP] Check Pods Manifest.lock";
			outputPaths = (
				"$(DERIVED_FILE_DIR)/Pods-Kitsune-checkManifestLockResult.txt",
			);
			runOnlyForDeploymentPostprocessing = 0;
			shellPath = /bin/sh;
			shellScript = "diff \"${PODS_PODFILE_DIR_PATH}/Podfile.lock\" \"${PODS_ROOT}/Manifest.lock\" > /dev/null\nif [ $? != 0 ] ; then\n    # print error to STDERR\n    echo \"error: The sandbox is not in sync with the Podfile.lock. Run 'pod install' or update your CocoaPods installation.\" >&2\n    exit 1\nfi\n# This output is used by Xcode 'outputs' to avoid re-running this script phase.\necho \"SUCCESS\" > \"${SCRIPT_OUTPUT_FILE_0}\"\n";
			showEnvVarsInLog = 0;
		};
		448699EC1D4B15040061F9C7 /* Generate Resources (R.swift) */ = {
			isa = PBXShellScriptBuildPhase;
			buildActionMask = 2147483647;
			files = (
			);
			inputPaths = (
			);
			name = "Generate Resources (R.swift)";
			outputPaths = (
			);
			runOnlyForDeploymentPostprocessing = 0;
			shellPath = /bin/sh;
			shellScript = "\"$PODS_ROOT/R.swift/rswift\" generate \"$SRCROOT/Resources\"";
		};
		448699ED1D4B158C0061F9C7 /* Highlight TODOs and FIXMEs */ = {
			isa = PBXShellScriptBuildPhase;
			buildActionMask = 2147483647;
			files = (
			);
			inputPaths = (
			);
			name = "Highlight TODOs and FIXMEs";
			outputPaths = (
			);
			runOnlyForDeploymentPostprocessing = 0;
			shellPath = /bin/sh;
			shellScript = "TAGS=\"TODO:|FIXME:\"\necho \"searching ${SRCROOT} for ${TAGS}\"\nfind \"${SRCROOT}\" \\( -name \"*.swift\" \\) \\( -not -path \"*/Pods/*\" \\) -print0 | xargs -0 egrep --with-filename --line-number --only-matching \"($TAGS).*\\$\" | perl -p -e \"s/($TAGS)/ warning: \\$1/\"\n";
		};
		448699F01D4B17A10061F9C7 /* Run SwiftLint */ = {
			isa = PBXShellScriptBuildPhase;
			buildActionMask = 2147483647;
			files = (
			);
			inputPaths = (
			);
			name = "Run SwiftLint";
			outputPaths = (
			);
			runOnlyForDeploymentPostprocessing = 0;
			shellPath = /bin/sh;
			shellScript = "${PODS_ROOT}/SwiftLint/swiftlint";
		};
		AE1530233AFADF300F02CB76 /* [CP] Embed Pods Frameworks */ = {
			isa = PBXShellScriptBuildPhase;
			buildActionMask = 2147483647;
			files = (
			);
			inputPaths = (
				"${SRCROOT}/Pods/Target Support Files/Pods-Kitsune/Pods-Kitsune-frameworks.sh",
				"${BUILT_PRODUCTS_DIR}/Alamofire/Alamofire.framework",
				"${BUILT_PRODUCTS_DIR}/KeychainAccess/KeychainAccess.framework",
				"${BUILT_PRODUCTS_DIR}/Kingfisher/Kingfisher.framework",
				"${BUILT_PRODUCTS_DIR}/MarqueeLabel/MarqueeLabel.framework",
				"${BUILT_PRODUCTS_DIR}/Marshal/Marshal.framework",
				"${BUILT_PRODUCTS_DIR}/NotificationBannerSwift/NotificationBannerSwift.framework",
				"${BUILT_PRODUCTS_DIR}/R.swift.Library/Rswift.framework",
				"${BUILT_PRODUCTS_DIR}/Realm/Realm.framework",
				"${BUILT_PRODUCTS_DIR}/RealmSwift/RealmSwift.framework",
				"${BUILT_PRODUCTS_DIR}/RxCocoa/RxCocoa.framework",
				"${BUILT_PRODUCTS_DIR}/RxSwift/RxSwift.framework",
				"${BUILT_PRODUCTS_DIR}/SkyFloatingLabelTextField/SkyFloatingLabelTextField.framework",
				"${BUILT_PRODUCTS_DIR}/SnapKit/SnapKit.framework",
				"${BUILT_PRODUCTS_DIR}/SwiftyBeaver/SwiftyBeaver.framework",
				"${BUILT_PRODUCTS_DIR}/UIScrollView-InfiniteScroll/UIScrollView_InfiniteScroll.framework",
				"${BUILT_PRODUCTS_DIR}/p2.OAuth2/p2_OAuth2.framework",
			);
			name = "[CP] Embed Pods Frameworks";
			outputPaths = (
				"${TARGET_BUILD_DIR}/${FRAMEWORKS_FOLDER_PATH}/Alamofire.framework",
				"${TARGET_BUILD_DIR}/${FRAMEWORKS_FOLDER_PATH}/KeychainAccess.framework",
				"${TARGET_BUILD_DIR}/${FRAMEWORKS_FOLDER_PATH}/Kingfisher.framework",
				"${TARGET_BUILD_DIR}/${FRAMEWORKS_FOLDER_PATH}/MarqueeLabel.framework",
				"${TARGET_BUILD_DIR}/${FRAMEWORKS_FOLDER_PATH}/Marshal.framework",
				"${TARGET_BUILD_DIR}/${FRAMEWORKS_FOLDER_PATH}/NotificationBannerSwift.framework",
				"${TARGET_BUILD_DIR}/${FRAMEWORKS_FOLDER_PATH}/Rswift.framework",
				"${TARGET_BUILD_DIR}/${FRAMEWORKS_FOLDER_PATH}/Realm.framework",
				"${TARGET_BUILD_DIR}/${FRAMEWORKS_FOLDER_PATH}/RealmSwift.framework",
				"${TARGET_BUILD_DIR}/${FRAMEWORKS_FOLDER_PATH}/RxCocoa.framework",
				"${TARGET_BUILD_DIR}/${FRAMEWORKS_FOLDER_PATH}/RxSwift.framework",
				"${TARGET_BUILD_DIR}/${FRAMEWORKS_FOLDER_PATH}/SkyFloatingLabelTextField.framework",
				"${TARGET_BUILD_DIR}/${FRAMEWORKS_FOLDER_PATH}/SnapKit.framework",
				"${TARGET_BUILD_DIR}/${FRAMEWORKS_FOLDER_PATH}/SwiftyBeaver.framework",
				"${TARGET_BUILD_DIR}/${FRAMEWORKS_FOLDER_PATH}/UIScrollView_InfiniteScroll.framework",
				"${TARGET_BUILD_DIR}/${FRAMEWORKS_FOLDER_PATH}/p2_OAuth2.framework",
			);
			runOnlyForDeploymentPostprocessing = 0;
			shellPath = /bin/sh;
			shellScript = "\"${SRCROOT}/Pods/Target Support Files/Pods-Kitsune/Pods-Kitsune-frameworks.sh\"\n";
			showEnvVarsInLog = 0;
		};
		CBB3B6DFD093EB236593E028 /* [CP] Check Pods Manifest.lock */ = {
			isa = PBXShellScriptBuildPhase;
			buildActionMask = 2147483647;
			files = (
			);
			inputPaths = (
				"${PODS_PODFILE_DIR_PATH}/Podfile.lock",
				"${PODS_ROOT}/Manifest.lock",
			);
			name = "[CP] Check Pods Manifest.lock";
			outputPaths = (
				"$(DERIVED_FILE_DIR)/Pods-KitsuneTests-checkManifestLockResult.txt",
			);
			runOnlyForDeploymentPostprocessing = 0;
			shellPath = /bin/sh;
			shellScript = "diff \"${PODS_PODFILE_DIR_PATH}/Podfile.lock\" \"${PODS_ROOT}/Manifest.lock\" > /dev/null\nif [ $? != 0 ] ; then\n    # print error to STDERR\n    echo \"error: The sandbox is not in sync with the Podfile.lock. Run 'pod install' or update your CocoaPods installation.\" >&2\n    exit 1\nfi\n# This output is used by Xcode 'outputs' to avoid re-running this script phase.\necho \"SUCCESS\" > \"${SCRIPT_OUTPUT_FILE_0}\"\n";
			showEnvVarsInLog = 0;
		};
		F4C5F7276B858D1936893B63 /* [CP] Embed Pods Frameworks */ = {
			isa = PBXShellScriptBuildPhase;
			buildActionMask = 2147483647;
			files = (
			);
			inputPaths = (
				"${SRCROOT}/Pods/Target Support Files/Pods-KitsuneTests/Pods-KitsuneTests-frameworks.sh",
				"${BUILT_PRODUCTS_DIR}/Alamofire/Alamofire.framework",
				"${BUILT_PRODUCTS_DIR}/KeychainAccess/KeychainAccess.framework",
				"${BUILT_PRODUCTS_DIR}/Kingfisher/Kingfisher.framework",
				"${BUILT_PRODUCTS_DIR}/MarqueeLabel/MarqueeLabel.framework",
				"${BUILT_PRODUCTS_DIR}/Marshal/Marshal.framework",
				"${BUILT_PRODUCTS_DIR}/NotificationBannerSwift/NotificationBannerSwift.framework",
				"${BUILT_PRODUCTS_DIR}/R.swift.Library/Rswift.framework",
				"${BUILT_PRODUCTS_DIR}/Realm/Realm.framework",
				"${BUILT_PRODUCTS_DIR}/RealmSwift/RealmSwift.framework",
				"${BUILT_PRODUCTS_DIR}/RxCocoa/RxCocoa.framework",
				"${BUILT_PRODUCTS_DIR}/RxSwift/RxSwift.framework",
				"${BUILT_PRODUCTS_DIR}/SkyFloatingLabelTextField/SkyFloatingLabelTextField.framework",
				"${BUILT_PRODUCTS_DIR}/SnapKit/SnapKit.framework",
				"${BUILT_PRODUCTS_DIR}/SwiftyBeaver/SwiftyBeaver.framework",
				"${BUILT_PRODUCTS_DIR}/UIScrollView-InfiniteScroll/UIScrollView_InfiniteScroll.framework",
				"${BUILT_PRODUCTS_DIR}/p2.OAuth2/p2_OAuth2.framework",
				"${BUILT_PRODUCTS_DIR}/Mockingjay/Mockingjay.framework",
				"${BUILT_PRODUCTS_DIR}/Nimble/Nimble.framework",
				"${BUILT_PRODUCTS_DIR}/RxBlocking/RxBlocking.framework",
				"${BUILT_PRODUCTS_DIR}/RxNimble/RxNimble.framework",
				"${BUILT_PRODUCTS_DIR}/RxTest/RxTest.framework",
				"${BUILT_PRODUCTS_DIR}/URITemplate/URITemplate.framework",
			);
			name = "[CP] Embed Pods Frameworks";
			outputPaths = (
				"${TARGET_BUILD_DIR}/${FRAMEWORKS_FOLDER_PATH}/Alamofire.framework",
				"${TARGET_BUILD_DIR}/${FRAMEWORKS_FOLDER_PATH}/KeychainAccess.framework",
				"${TARGET_BUILD_DIR}/${FRAMEWORKS_FOLDER_PATH}/Kingfisher.framework",
				"${TARGET_BUILD_DIR}/${FRAMEWORKS_FOLDER_PATH}/MarqueeLabel.framework",
				"${TARGET_BUILD_DIR}/${FRAMEWORKS_FOLDER_PATH}/Marshal.framework",
				"${TARGET_BUILD_DIR}/${FRAMEWORKS_FOLDER_PATH}/NotificationBannerSwift.framework",
				"${TARGET_BUILD_DIR}/${FRAMEWORKS_FOLDER_PATH}/Rswift.framework",
				"${TARGET_BUILD_DIR}/${FRAMEWORKS_FOLDER_PATH}/Realm.framework",
				"${TARGET_BUILD_DIR}/${FRAMEWORKS_FOLDER_PATH}/RealmSwift.framework",
				"${TARGET_BUILD_DIR}/${FRAMEWORKS_FOLDER_PATH}/RxCocoa.framework",
				"${TARGET_BUILD_DIR}/${FRAMEWORKS_FOLDER_PATH}/RxSwift.framework",
				"${TARGET_BUILD_DIR}/${FRAMEWORKS_FOLDER_PATH}/SkyFloatingLabelTextField.framework",
				"${TARGET_BUILD_DIR}/${FRAMEWORKS_FOLDER_PATH}/SnapKit.framework",
				"${TARGET_BUILD_DIR}/${FRAMEWORKS_FOLDER_PATH}/SwiftyBeaver.framework",
				"${TARGET_BUILD_DIR}/${FRAMEWORKS_FOLDER_PATH}/UIScrollView_InfiniteScroll.framework",
				"${TARGET_BUILD_DIR}/${FRAMEWORKS_FOLDER_PATH}/p2_OAuth2.framework",
				"${TARGET_BUILD_DIR}/${FRAMEWORKS_FOLDER_PATH}/Mockingjay.framework",
				"${TARGET_BUILD_DIR}/${FRAMEWORKS_FOLDER_PATH}/Nimble.framework",
				"${TARGET_BUILD_DIR}/${FRAMEWORKS_FOLDER_PATH}/RxBlocking.framework",
				"${TARGET_BUILD_DIR}/${FRAMEWORKS_FOLDER_PATH}/RxNimble.framework",
				"${TARGET_BUILD_DIR}/${FRAMEWORKS_FOLDER_PATH}/RxTest.framework",
				"${TARGET_BUILD_DIR}/${FRAMEWORKS_FOLDER_PATH}/URITemplate.framework",
			);
			runOnlyForDeploymentPostprocessing = 0;
			shellPath = /bin/sh;
			shellScript = "\"${SRCROOT}/Pods/Target Support Files/Pods-KitsuneTests/Pods-KitsuneTests-frameworks.sh\"\n";
			showEnvVarsInLog = 0;
		};
/* End PBXShellScriptBuildPhase section */

/* Begin PBXSourcesBuildPhase section */
		444B9CF11D48B35500D44465 /* Sources */ = {
			isa = PBXSourcesBuildPhase;
			buildActionMask = 2147483647;
			files = (
				8BD264882043C05E00095E68 /* Logger.swift in Sources */,
				FDEEFE9D20D8E46E00597C07 /* UserService.swift in Sources */,
				FDFCF7E92096F03700F7A901 /* NetworkService+AnimeList.swift in Sources */,
				FDEEFE9920D8E1C800597C07 /* AnimeService.swift in Sources */,
				FDA4185220ADCBBB00B41819 /* TabBarController.swift in Sources */,
				FDFCF7ED2097344600F7A901 /* UIFont+AppFonts.swift in Sources */,
				FDCAB3FD2095E6210000675D /* ReachabilityService.swift in Sources */,
				8B8758FC208D888D00D1BBF5 /* NavigationController.swift in Sources */,
				FDCAB3FE2095E6210000675D /* RequestLogger.swift in Sources */,
				FDFCF7E22096EB0100F7A901 /* AnimeListViewModel.swift in Sources */,
				FDFCF7FA20973AAF00F7A901 /* Anime.swift in Sources */,
				FD6ABCB8209630F500B117E5 /* RetryHandler.swift in Sources */,
				FDEEFE9520D8D87000597C07 /* UINavigationController+PreviousShown.swift in Sources */,
				FD31909C20D6A58F00017179 /* AnimeListEmptyView.swift in Sources */,
				8B8758FB208D888D00D1BBF5 /* NavigationFlowCoordinator.swift in Sources */,
				FDA4185620ADCC7A00B41819 /* LoginViewController.swift in Sources */,
				FD3AE28B20B6E84F0079636B /* AvatarView.swift in Sources */,
				FD6ABCA82095EB9100B117E5 /* LogoutHandler.swift in Sources */,
				FDFCF7D02096DE2300F7A901 /* HomeCoordinator.swift in Sources */,
				FDCAB4032095E6210000675D /* ErrorResponse.swift in Sources */,
				8BD2648D2043C2FB00095E68 /* BaseCoordinator.swift in Sources */,
				FDCAB3FC2095E6210000675D /* NetworkEnvironment.swift in Sources */,
				FDA4186420ADD90000B41819 /* MyProfileViewModel.swift in Sources */,
				FD35925820B5AAEA00EA634D /* UserResponse.swift in Sources */,
				8BC4AE092043A9DB0093E231 /* AppDelegate.swift in Sources */,
				FD35925420B5A71800EA634D /* User.swift in Sources */,
				8BD264AF2043C5A700095E68 /* UIColor+AppColors.swift in Sources */,
				FDABF22D20D69A3600DC0390 /* AnimeListErrorView.swift in Sources */,
				FD3190A620D6B7CF00017179 /* AnimeDetailsViewModel.swift in Sources */,
				FDFCF800209753B200F7A901 /* Date+Marshal.swift in Sources */,
				FDEEFE9B20D8E1EA00597C07 /* AnimeRealmService.swift in Sources */,
				FDCAB4052095E6210000675D /* NetworkServiceProtocols.swift in Sources */,
				FDFCF8062097676E00F7A901 /* UIImageView+Kingfisher.swift in Sources */,
				FDEEFE9F20D8E4CC00597C07 /* UserRealmService.swift in Sources */,
				FDFCF80420975A9800F7A901 /* AnimeListResponse.swift in Sources */,
				FD3190A420D6B6A000017179 /* AnimeDetailsViewController.swift in Sources */,
				FDCAB4012095E6210000675D /* EmptyResponse.swift in Sources */,
				FD3190A220D6B54800017179 /* AnimeDetailsCoordinator.swift in Sources */,
				FDEEFEA220D8E9FA00597C07 /* SavedDataClearingService.swift in Sources */,
				FD35925B20B5ADF000EA634D /* UserDataService.swift in Sources */,
				FDEEFE8B20D7AD8C00597C07 /* AnimeDetailView.swift in Sources */,
				8B72985820C66A1700529723 /* ViewModelNetworkRequesting.swift in Sources */,
				FDCAB4072095E6210000675D /* RealmService.swift in Sources */,
				FD35925220B5A25C00EA634D /* NetworkService+MyProfile.swift in Sources */,
				FD6ABCA62095EA7100B117E5 /* Common.swift in Sources */,
				FDFCF7E02096EB0100F7A901 /* AnimeListViewController.swift in Sources */,
				FDA4185A20ADCD4700B41819 /* HomeTabBarController.swift in Sources */,
				FDCAB3DF2095E5320000675D /* MainCoordinatorUtility.swift in Sources */,
				FD3190AC20D6BD5E00017179 /* UIViewController+BackButton.swift in Sources */,
				FDCAB3FF2095E6210000675D /* URLFactory.swift in Sources */,
				8BD264AA2043C5A700095E68 /* UIViewController+ErrorHandling.swift in Sources */,
				FDCAB4042095E6210000675D /* NetworkService.swift in Sources */,
				8B61C7972091E026005FD0F7 /* ReuseIdentifiable.swift in Sources */,
				FDB1C31F20B1AEDE0044ACA4 /* UIViewController+Children.swift in Sources */,
				FD3AE29420B702D10079636B /* Date+DaySuffix.swift in Sources */,
				FDA4185820ADCC8D00B41819 /* LoginViewModel.swift in Sources */,
				FDCAB3DE2095E5320000675D /* AppDependency.swift in Sources */,
				FD3AE29220B6FBE90079636B /* ProfileCellViewModel.swift in Sources */,
				FDCAB4082095E6210000675D /* RealmService+Generics.swift in Sources */,
				FDEEFE8920D7942A00597C07 /* AnimeDetailInfoView.swift in Sources */,
				FD3AE28820B6E7BE0079636B /* ProfileHeaderView.swift in Sources */,
				FDCAB3E02095E5320000675D /* MainCoordinator.swift in Sources */,
				FD3AE28D20B6F6CD0079636B /* ProfileCell.swift in Sources */,
				FDA4186220ADD8F500B41819 /* MyProfileViewController.swift in Sources */,
				8B3506862092D09700586986 /* R.generated.swift in Sources */,
				FDFCF7E72096EC5200F7A901 /* AnimeListTableViewCell.swift in Sources */,
				FDCAB4002095E6210000675D /* NetworkErrorService.swift in Sources */,
				FDFCF7FE2097438B00F7A901 /* RealmAnime.swift in Sources */,
				FDFCF7E12096EB0100F7A901 /* AnimeCellViewModel.swift in Sources */,
				FD35925620B5A9BE00EA634D /* RealmUser.swift in Sources */,
				FD31909E20D6AAB900017179 /* String+RegularExpression.swift in Sources */,
				FDABF22B20D6921700DC0390 /* UIViewController+NotificationBanner.swift in Sources */,
				8B8758FD208D888D00D1BBF5 /* BaseViewController.swift in Sources */,
				8BD264912043C3A700095E68 /* Constants.swift in Sources */,
				FD3190AA20D6B92E00017179 /* NsvigationBarHiding.swift in Sources */,
				FD6ABCB62096187800B117E5 /* Credentials.swift in Sources */,
				8BD264B22043C5A700095E68 /* UIViewController+Alerts.swift in Sources */,
				FDCAB4062095E6210000675D /* NetworkService+Auth.swift in Sources */,
				FDEEFE9320D8D7CD00597C07 /* NavigationObserver.swift in Sources */,
				8BD264F220441A6800095E68 /* RealmFactory.swift in Sources */,
			);
			runOnlyForDeploymentPostprocessing = 0;
		};
		FDCAB3C52095C6EB0000675D /* Sources */ = {
			isa = PBXSourcesBuildPhase;
			buildActionMask = 2147483647;
			files = (
				FD16AA0A20C826EF00FE2E17 /* TestDataGeneration.swift in Sources */,
				FD84FCF620D15D0B004520FE /* ProfileCellViewModelTests.swift in Sources */,
				FDEEFE9020D8BF2F00597C07 /* DateWithOrdinalSuffixTest.swift in Sources */,
				FD68679720CFFC9F0074DC6D /* ProfileRequestsTests.swift in Sources */,
				FD84FCF420D15374004520FE /* DependencyStub.swift in Sources */,
				FD16AA0E20C826EF00FE2E17 /* RealmUserTests.swift in Sources */,
				FD68679920D0078B0074DC6D /* AnimeRequestsTests.swift in Sources */,
				FD16AA0620C826EF00FE2E17 /* AnimeUnmarshalingTests.swift in Sources */,
				8B1F5B2020D2117400406E03 /* AnimeViewModelTests.swift in Sources */,
				FD16AA1220C826EF00FE2E17 /* RealmAnimeTests.swift in Sources */,
				FD68679520CFF9570074DC6D /* BaseNetworkTestCase.swift in Sources */,
				FD84FCED20D1508E004520FE /* LoginViewModelTests.swift in Sources */,
				8B1F5B1E20D20D5000406E03 /* AnimeCellViewModelTests.swift in Sources */,
				FD84FCF820D15EC7004520FE /* ProfileViewModelTests.swift in Sources */,
				FDEEFE8D20D7CAFB00597C07 /* AnimeDetailsViewModelTests.swift in Sources */,
				FD16AA0920C826EF00FE2E17 /* UserUnmarshalingTests.swift in Sources */,
			);
			runOnlyForDeploymentPostprocessing = 0;
		};
/* End PBXSourcesBuildPhase section */

/* Begin PBXTargetDependency section */
		FDCAB3CF2095C6EB0000675D /* PBXTargetDependency */ = {
			isa = PBXTargetDependency;
			target = 444B9CF41D48B35500D44465 /* Kitsune */;
			targetProxy = FDCAB3CE2095C6EB0000675D /* PBXContainerItemProxy */;
		};
/* End PBXTargetDependency section */

/* Begin XCBuildConfiguration section */
		449359661D4B052B00321882 /* Debug */ = {
			isa = XCBuildConfiguration;
			buildSettings = {
				ALWAYS_SEARCH_USER_PATHS = NO;
				CLANG_ANALYZER_LOCALIZABILITY_NONLOCALIZED = YES;
				CLANG_ANALYZER_NONNULL = YES;
				CLANG_CXX_LANGUAGE_STANDARD = "gnu++0x";
				CLANG_CXX_LIBRARY = "libc++";
				CLANG_ENABLE_MODULES = YES;
				CLANG_ENABLE_OBJC_ARC = YES;
				CLANG_WARN_BLOCK_CAPTURE_AUTORELEASING = YES;
				CLANG_WARN_BOOL_CONVERSION = YES;
				CLANG_WARN_COMMA = YES;
				CLANG_WARN_CONSTANT_CONVERSION = YES;
				CLANG_WARN_DEPRECATED_OBJC_IMPLEMENTATIONS = YES;
				CLANG_WARN_DIRECT_OBJC_ISA_USAGE = YES_ERROR;
				CLANG_WARN_EMPTY_BODY = YES;
				CLANG_WARN_ENUM_CONVERSION = YES;
				CLANG_WARN_INFINITE_RECURSION = YES;
				CLANG_WARN_INT_CONVERSION = YES;
				CLANG_WARN_NON_LITERAL_NULL_CONVERSION = YES;
				CLANG_WARN_OBJC_IMPLICIT_RETAIN_SELF = YES;
				CLANG_WARN_OBJC_LITERAL_CONVERSION = YES;
				CLANG_WARN_OBJC_ROOT_CLASS = YES_ERROR;
				CLANG_WARN_RANGE_LOOP_ANALYSIS = YES;
				CLANG_WARN_STRICT_PROTOTYPES = YES;
				CLANG_WARN_SUSPICIOUS_MOVE = YES;
				CLANG_WARN_UNREACHABLE_CODE = YES;
				CLANG_WARN__DUPLICATE_METHOD_MATCH = YES;
				CODE_SIGN_IDENTITY = "iPhone Developer: Vladimir Belov (KDANGYU36R)";
				"CODE_SIGN_IDENTITY[sdk=iphoneos*]" = "iPhone Developer: Vladimir Belov (KDANGYU36R)";
				COPY_PHASE_STRIP = NO;
				DEBUG_INFORMATION_FORMAT = dwarf;
				ENABLE_STRICT_OBJC_MSGSEND = YES;
				ENABLE_TESTABILITY = YES;
				GCC_C_LANGUAGE_STANDARD = gnu99;
				GCC_DYNAMIC_NO_PIC = NO;
				GCC_NO_COMMON_BLOCKS = YES;
				GCC_OPTIMIZATION_LEVEL = 0;
				GCC_PREPROCESSOR_DEFINITIONS = (
					"DEBUG=1",
					"$(inherited)",
				);
				GCC_WARN_64_TO_32_BIT_CONVERSION = YES;
				GCC_WARN_ABOUT_RETURN_TYPE = YES_ERROR;
				GCC_WARN_UNDECLARED_SELECTOR = YES;
				GCC_WARN_UNINITIALIZED_AUTOS = YES_AGGRESSIVE;
				GCC_WARN_UNUSED_FUNCTION = YES;
				GCC_WARN_UNUSED_VARIABLE = YES;
				IPHONEOS_DEPLOYMENT_TARGET = 10.0;
				MTL_ENABLE_DEBUG_INFO = YES;
				ONLY_ACTIVE_ARCH = YES;
				SDKROOT = iphoneos;
				SWIFT_OPTIMIZATION_LEVEL = "-Onone";
			};
			name = Debug;
		};
		449359671D4B052B00321882 /* Debug */ = {
			isa = XCBuildConfiguration;
			baseConfigurationReference = 4B1642FBA87D7282C63DA750 /* Pods-Kitsune.debug.xcconfig */;
			buildSettings = {
				ASSETCATALOG_COMPILER_APPICON_NAME = AppIcon;
				CODE_SIGN_IDENTITY = "iPhone Developer";
				"CODE_SIGN_IDENTITY[sdk=iphoneos*]" = "iPhone Developer";
				CODE_SIGN_STYLE = Automatic;
				COPY_PHASE_STRIP = NO;
				CURRENT_PROJECT_VERSION = 2;
				DEBUG_INFORMATION_FORMAT = "dwarf-with-dsym";
				DEVELOPMENT_TEAM = RBAQY4C72X;
				ENABLE_BITCODE = NO;
				FRAMEWORK_SEARCH_PATHS = "$(inherited)";
				INFOPLIST_FILE = "Supporting Files/Info.plist";
				IPHONEOS_DEPLOYMENT_TARGET = 10.0;
				LD_RUNPATH_SEARCH_PATHS = "$(inherited) @executable_path/Frameworks";
				PRODUCT_BUNDLE_IDENTIFIER = com.dnovodon.kitsune;
				PRODUCT_NAME = Kitsune;
				PROVISIONING_PROFILE = "";
				PROVISIONING_PROFILE_SPECIFIER = "";
				SWIFT_OBJC_BRIDGING_HEADER = "Supporting Files/Kitsune-Bridging-Header.h";
				SWIFT_OPTIMIZATION_LEVEL = "-Onone";
				SWIFT_VERSION = 4.0;
				VERSIONING_SYSTEM = "apple-generic";
			};
			name = Debug;
		};
		449359721D4B054C00321882 /* AppStore */ = {
			isa = XCBuildConfiguration;
			buildSettings = {
				ALWAYS_SEARCH_USER_PATHS = NO;
				CLANG_ANALYZER_LOCALIZABILITY_NONLOCALIZED = YES;
				CLANG_ANALYZER_NONNULL = YES;
				CLANG_CXX_LANGUAGE_STANDARD = "gnu++0x";
				CLANG_CXX_LIBRARY = "libc++";
				CLANG_ENABLE_MODULES = YES;
				CLANG_ENABLE_OBJC_ARC = YES;
				CLANG_WARN_BLOCK_CAPTURE_AUTORELEASING = YES;
				CLANG_WARN_BOOL_CONVERSION = YES;
				CLANG_WARN_COMMA = YES;
				CLANG_WARN_CONSTANT_CONVERSION = YES;
				CLANG_WARN_DEPRECATED_OBJC_IMPLEMENTATIONS = YES;
				CLANG_WARN_DIRECT_OBJC_ISA_USAGE = YES_ERROR;
				CLANG_WARN_EMPTY_BODY = YES;
				CLANG_WARN_ENUM_CONVERSION = YES;
				CLANG_WARN_INFINITE_RECURSION = YES;
				CLANG_WARN_INT_CONVERSION = YES;
				CLANG_WARN_NON_LITERAL_NULL_CONVERSION = YES;
				CLANG_WARN_OBJC_IMPLICIT_RETAIN_SELF = YES;
				CLANG_WARN_OBJC_LITERAL_CONVERSION = YES;
				CLANG_WARN_OBJC_ROOT_CLASS = YES_ERROR;
				CLANG_WARN_RANGE_LOOP_ANALYSIS = YES;
				CLANG_WARN_STRICT_PROTOTYPES = YES;
				CLANG_WARN_SUSPICIOUS_MOVE = YES;
				CLANG_WARN_UNREACHABLE_CODE = YES;
				CLANG_WARN__DUPLICATE_METHOD_MATCH = YES;
				CODE_SIGN_IDENTITY = "iPhone Developer: Vladimir Belov (KDANGYU36R)";
				"CODE_SIGN_IDENTITY[sdk=iphoneos*]" = "iPhone Developer: Vladimir Belov (KDANGYU36R)";
				COPY_PHASE_STRIP = NO;
				DEBUG_INFORMATION_FORMAT = dwarf;
				ENABLE_STRICT_OBJC_MSGSEND = YES;
				ENABLE_TESTABILITY = YES;
				GCC_C_LANGUAGE_STANDARD = gnu99;
				GCC_DYNAMIC_NO_PIC = NO;
				GCC_NO_COMMON_BLOCKS = YES;
				GCC_OPTIMIZATION_LEVEL = 0;
				GCC_PREPROCESSOR_DEFINITIONS = (
					"DEBUG=1",
					"$(inherited)",
				);
				GCC_WARN_64_TO_32_BIT_CONVERSION = YES;
				GCC_WARN_ABOUT_RETURN_TYPE = YES_ERROR;
				GCC_WARN_UNDECLARED_SELECTOR = YES;
				GCC_WARN_UNINITIALIZED_AUTOS = YES_AGGRESSIVE;
				GCC_WARN_UNUSED_FUNCTION = YES;
				GCC_WARN_UNUSED_VARIABLE = YES;
				IPHONEOS_DEPLOYMENT_TARGET = 10.0;
				MTL_ENABLE_DEBUG_INFO = YES;
				ONLY_ACTIVE_ARCH = YES;
				SDKROOT = iphoneos;
				SWIFT_OPTIMIZATION_LEVEL = "-Onone";
			};
			name = AppStore;
		};
		449359731D4B054C00321882 /* AppStore */ = {
			isa = XCBuildConfiguration;
			baseConfigurationReference = D8DEC7DF5B4D0DA3DB0CC2C2 /* Pods-Kitsune.appstore.xcconfig */;
			buildSettings = {
				ASSETCATALOG_COMPILER_APPICON_NAME = AppIcon;
				CODE_SIGN_IDENTITY = "iPhone Developer";
				"CODE_SIGN_IDENTITY[sdk=iphoneos*]" = "iPhone Developer";
				CODE_SIGN_STYLE = Automatic;
				COPY_PHASE_STRIP = YES;
				CURRENT_PROJECT_VERSION = 2;
				DEBUG_INFORMATION_FORMAT = "dwarf-with-dsym";
				DEVELOPMENT_TEAM = RBAQY4C72X;
				ENABLE_BITCODE = YES;
				FRAMEWORK_SEARCH_PATHS = "$(inherited)";
				GCC_OPTIMIZATION_LEVEL = s;
				INFOPLIST_FILE = "Supporting Files/Info.plist";
				IPHONEOS_DEPLOYMENT_TARGET = 10.0;
				LD_RUNPATH_SEARCH_PATHS = "$(inherited) @executable_path/Frameworks";
				ONLY_ACTIVE_ARCH = NO;
				PRODUCT_BUNDLE_IDENTIFIER = com.dnovodon.kitsune;
				PRODUCT_NAME = Kitsune;
				PROVISIONING_PROFILE = "";
				PROVISIONING_PROFILE_SPECIFIER = "";
				SWIFT_OBJC_BRIDGING_HEADER = "Supporting Files/Kitsune-Bridging-Header.h";
				SWIFT_OPTIMIZATION_LEVEL = "-Owholemodule";
				SWIFT_VERSION = 4.0;
				VERSIONING_SYSTEM = "apple-generic";
			};
			name = AppStore;
		};
		FDCAB3D12095C6EB0000675D /* AppStore */ = {
			isa = XCBuildConfiguration;
			baseConfigurationReference = C876E55BD97847054763D7B2 /* Pods-KitsuneTests.appstore.xcconfig */;
			buildSettings = {
				BUNDLE_LOADER = "$(TEST_HOST)";
				CLANG_ANALYZER_NUMBER_OBJECT_CONVERSION = YES_AGGRESSIVE;
				CLANG_CXX_LANGUAGE_STANDARD = "gnu++14";
				CLANG_ENABLE_OBJC_WEAK = YES;
				CLANG_WARN_DEPRECATED_OBJC_IMPLEMENTATIONS = YES;
				CLANG_WARN_DOCUMENTATION_COMMENTS = YES;
				CLANG_WARN_OBJC_IMPLICIT_RETAIN_SELF = YES;
				CLANG_WARN_UNGUARDED_AVAILABILITY = YES_AGGRESSIVE;
				CODE_SIGN_IDENTITY = "iPhone Developer";
				CODE_SIGN_STYLE = Automatic;
				FRAMEWORK_SEARCH_PATHS = "$(inherited)";
				GCC_C_LANGUAGE_STANDARD = gnu11;
				INFOPLIST_FILE = KitsuneTests/Info.plist;
				IPHONEOS_DEPLOYMENT_TARGET = 11.3;
				LD_RUNPATH_SEARCH_PATHS = "$(inherited) @executable_path/Frameworks @loader_path/Frameworks";
				OTHER_LDFLAGS = "$(inherited)";
				PRODUCT_BUNDLE_IDENTIFIER = com.dnovodon.KitsuneTests;
				PRODUCT_NAME = "$(TARGET_NAME)";
				SWIFT_ACTIVE_COMPILATION_CONDITIONS = DEBUG;
				SWIFT_VERSION = 4.0;
				TARGETED_DEVICE_FAMILY = "1,2";
				TEST_HOST = "$(BUILT_PRODUCTS_DIR)/Kitsune.app/Kitsune";
			};
			name = AppStore;
		};
		FDCAB3D22095C6EB0000675D /* Debug */ = {
			isa = XCBuildConfiguration;
			baseConfigurationReference = 00B5D59B1099DC6FFE1E0FDB /* Pods-KitsuneTests.debug.xcconfig */;
			buildSettings = {
				BUNDLE_LOADER = "$(TEST_HOST)";
				CLANG_ANALYZER_NUMBER_OBJECT_CONVERSION = YES_AGGRESSIVE;
				CLANG_CXX_LANGUAGE_STANDARD = "gnu++14";
				CLANG_ENABLE_OBJC_WEAK = YES;
				CLANG_WARN_DEPRECATED_OBJC_IMPLEMENTATIONS = YES;
				CLANG_WARN_DOCUMENTATION_COMMENTS = YES;
				CLANG_WARN_OBJC_IMPLICIT_RETAIN_SELF = YES;
				CLANG_WARN_UNGUARDED_AVAILABILITY = YES_AGGRESSIVE;
				CODE_SIGN_IDENTITY = "iPhone Developer";
				CODE_SIGN_STYLE = Automatic;
				FRAMEWORK_SEARCH_PATHS = "$(inherited)";
				GCC_C_LANGUAGE_STANDARD = gnu11;
				INFOPLIST_FILE = KitsuneTests/Info.plist;
				IPHONEOS_DEPLOYMENT_TARGET = 11.3;
				LD_RUNPATH_SEARCH_PATHS = "$(inherited) @executable_path/Frameworks @loader_path/Frameworks";
				OTHER_LDFLAGS = "$(inherited)";
				PRODUCT_BUNDLE_IDENTIFIER = com.dnovodon.KitsuneTests;
				PRODUCT_NAME = "$(TARGET_NAME)";
				SWIFT_ACTIVE_COMPILATION_CONDITIONS = DEBUG;
				SWIFT_VERSION = 4.0;
				TARGETED_DEVICE_FAMILY = "1,2";
				TEST_HOST = "$(BUILT_PRODUCTS_DIR)/Kitsune.app/Kitsune";
			};
			name = Debug;
		};
/* End XCBuildConfiguration section */

/* Begin XCConfigurationList section */
		444B9CF01D48B35500D44465 /* Build configuration list for PBXProject "Kitsune" */ = {
			isa = XCConfigurationList;
			buildConfigurations = (
				449359721D4B054C00321882 /* AppStore */,
				449359661D4B052B00321882 /* Debug */,
			);
			defaultConfigurationIsVisible = 0;
			defaultConfigurationName = AppStore;
		};
		444B9D121D48B35500D44465 /* Build configuration list for PBXNativeTarget "Kitsune" */ = {
			isa = XCConfigurationList;
			buildConfigurations = (
				449359731D4B054C00321882 /* AppStore */,
				449359671D4B052B00321882 /* Debug */,
			);
			defaultConfigurationIsVisible = 0;
			defaultConfigurationName = AppStore;
		};
		FDCAB3D02095C6EB0000675D /* Build configuration list for PBXNativeTarget "KitsuneTests" */ = {
			isa = XCConfigurationList;
			buildConfigurations = (
				FDCAB3D12095C6EB0000675D /* AppStore */,
				FDCAB3D22095C6EB0000675D /* Debug */,
			);
			defaultConfigurationIsVisible = 0;
			defaultConfigurationName = AppStore;
		};
/* End XCConfigurationList section */
	};
	rootObject = 444B9CED1D48B35500D44465 /* Project object */;
}
